
Microsoft Visual Studio Solution File, Format Version 12.00
# Visual Studio 15
VisualStudioVersion = 15.0.26430.4
MinimumVisualStudioVersion = 10.0.40219.1
Project("{2150E333-8FDC-42A3-9474-1A3956D46DE8}") = "API", "API", "{5E6145F8-7920-4501-9B54-58CE5F97D277}"
EndProject
Project("{2150E333-8FDC-42A3-9474-1A3956D46DE8}") = "Mobile", "Mobile", "{8830206D-85B5-4382-9ACD-F6A4692E4480}"
EndProject
Project("{FAE04EC0-301F-11D3-BF4B-00C04F79EFBC}") = "Adopcat.API", "Adopcat.API\Adopcat.API.csproj", "{7F76DC14-B446-4B2B-B43A-B490BC075AF7}"
EndProject
Project("{2150E333-8FDC-42A3-9474-1A3956D46DE8}") = "Domain", "Domain", "{E866DCB6-E00F-4276-B9CD-45FA3AC6CAFB}"
EndProject
Project("{FAE04EC0-301F-11D3-BF4B-00C04F79EFBC}") = "Adopcat.Model", "Adopcat.Model\Adopcat.Model.csproj", "{5F28CADE-009D-4D33-BBCE-BEED0E7839E0}"
EndProject
Project("{FAE04EC0-301F-11D3-BF4B-00C04F79EFBC}") = "Adopcat.Data", "Adopcat.Data\Adopcat.Data.csproj", "{3895F1D0-603A-4F1E-9D06-57C9F2598D19}"
EndProject
Project("{FAE04EC0-301F-11D3-BF4B-00C04F79EFBC}") = "Adopcat.Services", "Adopcat.Services\Adopcat.Services.csproj", "{444074A5-4014-4AF4-92FF-9801C8DFF7FC}"
EndProject
Project("{FAE04EC0-301F-11D3-BF4B-00C04F79EFBC}") = "Adopcat.IoC", "Adopcat.IoC\Adopcat.IoC.csproj", "{46F68167-689A-4E9D-AB7C-6EAE8B5CA0D2}"
EndProject
Project("{2150E333-8FDC-42A3-9474-1A3956D46DE8}") = "Resources", "Resources", "{9B529EC0-F6D2-4041-8932-0E715B9A1CA1}"
EndProject
Project("{FAE04EC0-301F-11D3-BF4B-00C04F79EFBC}") = "Adopcat.Resources", "Adopcat.Resources\Adopcat.Resources.csproj", "{23E8F3BA-A2DC-4DE4-8881-AB6341550336}"
EndProject
Global
	GlobalSection(SolutionConfigurationPlatforms) = preSolution
		Ad-Hoc|Any CPU = Ad-Hoc|Any CPU
		Ad-Hoc|ARM = Ad-Hoc|ARM
		Ad-Hoc|iPhone = Ad-Hoc|iPhone
		Ad-Hoc|iPhoneSimulator = Ad-Hoc|iPhoneSimulator
		Ad-Hoc|x64 = Ad-Hoc|x64
		Ad-Hoc|x86 = Ad-Hoc|x86
		AppStore|Any CPU = AppStore|Any CPU
		AppStore|ARM = AppStore|ARM
		AppStore|iPhone = AppStore|iPhone
		AppStore|iPhoneSimulator = AppStore|iPhoneSimulator
		AppStore|x64 = AppStore|x64
		AppStore|x86 = AppStore|x86
		Debug|Any CPU = Debug|Any CPU
		Debug|ARM = Debug|ARM
		Debug|iPhone = Debug|iPhone
		Debug|iPhoneSimulator = Debug|iPhoneSimulator
		Debug|x64 = Debug|x64
		Debug|x86 = Debug|x86
		Release|Any CPU = Release|Any CPU
		Release|ARM = Release|ARM
		Release|iPhone = Release|iPhone
		Release|iPhoneSimulator = Release|iPhoneSimulator
		Release|x64 = Release|x64
		Release|x86 = Release|x86
	EndGlobalSection
	GlobalSection(ProjectConfigurationPlatforms) = postSolution
		{7F76DC14-B446-4B2B-B43A-B490BC075AF7}.Ad-Hoc|Any CPU.ActiveCfg = Release|Any CPU
		{7F76DC14-B446-4B2B-B43A-B490BC075AF7}.Ad-Hoc|Any CPU.Build.0 = Release|Any CPU
		{7F76DC14-B446-4B2B-B43A-B490BC075AF7}.Ad-Hoc|ARM.ActiveCfg = Release|Any CPU
		{7F76DC14-B446-4B2B-B43A-B490BC075AF7}.Ad-Hoc|ARM.Build.0 = Release|Any CPU
		{7F76DC14-B446-4B2B-B43A-B490BC075AF7}.Ad-Hoc|iPhone.ActiveCfg = Release|Any CPU
		{7F76DC14-B446-4B2B-B43A-B490BC075AF7}.Ad-Hoc|iPhone.Build.0 = Release|Any CPU
		{7F76DC14-B446-4B2B-B43A-B490BC075AF7}.Ad-Hoc|iPhoneSimulator.ActiveCfg = Release|Any CPU
		{7F76DC14-B446-4B2B-B43A-B490BC075AF7}.Ad-Hoc|iPhoneSimulator.Build.0 = Release|Any CPU
		{7F76DC14-B446-4B2B-B43A-B490BC075AF7}.Ad-Hoc|x64.ActiveCfg = Release|Any CPU
		{7F76DC14-B446-4B2B-B43A-B490BC075AF7}.Ad-Hoc|x64.Build.0 = Release|Any CPU
		{7F76DC14-B446-4B2B-B43A-B490BC075AF7}.Ad-Hoc|x86.ActiveCfg = Release|Any CPU
		{7F76DC14-B446-4B2B-B43A-B490BC075AF7}.Ad-Hoc|x86.Build.0 = Release|Any CPU
		{7F76DC14-B446-4B2B-B43A-B490BC075AF7}.AppStore|Any CPU.ActiveCfg = Release|Any CPU
		{7F76DC14-B446-4B2B-B43A-B490BC075AF7}.AppStore|Any CPU.Build.0 = Release|Any CPU
		{7F76DC14-B446-4B2B-B43A-B490BC075AF7}.AppStore|ARM.ActiveCfg = Release|Any CPU
		{7F76DC14-B446-4B2B-B43A-B490BC075AF7}.AppStore|ARM.Build.0 = Release|Any CPU
		{7F76DC14-B446-4B2B-B43A-B490BC075AF7}.AppStore|iPhone.ActiveCfg = Release|Any CPU
		{7F76DC14-B446-4B2B-B43A-B490BC075AF7}.AppStore|iPhone.Build.0 = Release|Any CPU
		{7F76DC14-B446-4B2B-B43A-B490BC075AF7}.AppStore|iPhoneSimulator.ActiveCfg = Release|Any CPU
		{7F76DC14-B446-4B2B-B43A-B490BC075AF7}.AppStore|iPhoneSimulator.Build.0 = Release|Any CPU
		{7F76DC14-B446-4B2B-B43A-B490BC075AF7}.AppStore|x64.ActiveCfg = Release|Any CPU
		{7F76DC14-B446-4B2B-B43A-B490BC075AF7}.AppStore|x64.Build.0 = Release|Any CPU
		{7F76DC14-B446-4B2B-B43A-B490BC075AF7}.AppStore|x86.ActiveCfg = Release|Any CPU
		{7F76DC14-B446-4B2B-B43A-B490BC075AF7}.AppStore|x86.Build.0 = Release|Any CPU
		{7F76DC14-B446-4B2B-B43A-B490BC075AF7}.Debug|Any CPU.ActiveCfg = Debug|Any CPU
		{7F76DC14-B446-4B2B-B43A-B490BC075AF7}.Debug|Any CPU.Build.0 = Debug|Any CPU
		{7F76DC14-B446-4B2B-B43A-B490BC075AF7}.Debug|ARM.ActiveCfg = Debug|Any CPU
		{7F76DC14-B446-4B2B-B43A-B490BC075AF7}.Debug|ARM.Build.0 = Debug|Any CPU
		{7F76DC14-B446-4B2B-B43A-B490BC075AF7}.Debug|iPhone.ActiveCfg = Debug|Any CPU
		{7F76DC14-B446-4B2B-B43A-B490BC075AF7}.Debug|iPhone.Build.0 = Debug|Any CPU
		{7F76DC14-B446-4B2B-B43A-B490BC075AF7}.Debug|iPhoneSimulator.ActiveCfg = Debug|Any CPU
		{7F76DC14-B446-4B2B-B43A-B490BC075AF7}.Debug|iPhoneSimulator.Build.0 = Debug|Any CPU
		{7F76DC14-B446-4B2B-B43A-B490BC075AF7}.Debug|x64.ActiveCfg = Debug|Any CPU
		{7F76DC14-B446-4B2B-B43A-B490BC075AF7}.Debug|x64.Build.0 = Debug|Any CPU
		{7F76DC14-B446-4B2B-B43A-B490BC075AF7}.Debug|x86.ActiveCfg = Debug|Any CPU
		{7F76DC14-B446-4B2B-B43A-B490BC075AF7}.Debug|x86.Build.0 = Debug|Any CPU
		{7F76DC14-B446-4B2B-B43A-B490BC075AF7}.Release|Any CPU.ActiveCfg = Release|Any CPU
		{7F76DC14-B446-4B2B-B43A-B490BC075AF7}.Release|Any CPU.Build.0 = Release|Any CPU
		{7F76DC14-B446-4B2B-B43A-B490BC075AF7}.Release|ARM.ActiveCfg = Release|Any CPU
		{7F76DC14-B446-4B2B-B43A-B490BC075AF7}.Release|ARM.Build.0 = Release|Any CPU
		{7F76DC14-B446-4B2B-B43A-B490BC075AF7}.Release|iPhone.ActiveCfg = Release|Any CPU
		{7F76DC14-B446-4B2B-B43A-B490BC075AF7}.Release|iPhone.Build.0 = Release|Any CPU
		{7F76DC14-B446-4B2B-B43A-B490BC075AF7}.Release|iPhoneSimulator.ActiveCfg = Release|Any CPU
		{7F76DC14-B446-4B2B-B43A-B490BC075AF7}.Release|iPhoneSimulator.Build.0 = Release|Any CPU
		{7F76DC14-B446-4B2B-B43A-B490BC075AF7}.Release|x64.ActiveCfg = Release|Any CPU
		{7F76DC14-B446-4B2B-B43A-B490BC075AF7}.Release|x64.Build.0 = Release|Any CPU
		{7F76DC14-B446-4B2B-B43A-B490BC075AF7}.Release|x86.ActiveCfg = Release|Any CPU
		{7F76DC14-B446-4B2B-B43A-B490BC075AF7}.Release|x86.Build.0 = Release|Any CPU
		{5F28CADE-009D-4D33-BBCE-BEED0E7839E0}.Ad-Hoc|Any CPU.ActiveCfg = Release|Any CPU
		{5F28CADE-009D-4D33-BBCE-BEED0E7839E0}.Ad-Hoc|Any CPU.Build.0 = Release|Any CPU
		{5F28CADE-009D-4D33-BBCE-BEED0E7839E0}.Ad-Hoc|ARM.ActiveCfg = Release|Any CPU
		{5F28CADE-009D-4D33-BBCE-BEED0E7839E0}.Ad-Hoc|ARM.Build.0 = Release|Any CPU
		{5F28CADE-009D-4D33-BBCE-BEED0E7839E0}.Ad-Hoc|iPhone.ActiveCfg = Release|Any CPU
		{5F28CADE-009D-4D33-BBCE-BEED0E7839E0}.Ad-Hoc|iPhone.Build.0 = Release|Any CPU
		{5F28CADE-009D-4D33-BBCE-BEED0E7839E0}.Ad-Hoc|iPhoneSimulator.ActiveCfg = Release|Any CPU
		{5F28CADE-009D-4D33-BBCE-BEED0E7839E0}.Ad-Hoc|iPhoneSimulator.Build.0 = Release|Any CPU
		{5F28CADE-009D-4D33-BBCE-BEED0E7839E0}.Ad-Hoc|x64.ActiveCfg = Release|Any CPU
		{5F28CADE-009D-4D33-BBCE-BEED0E7839E0}.Ad-Hoc|x64.Build.0 = Release|Any CPU
		{5F28CADE-009D-4D33-BBCE-BEED0E7839E0}.Ad-Hoc|x86.ActiveCfg = Release|Any CPU
		{5F28CADE-009D-4D33-BBCE-BEED0E7839E0}.Ad-Hoc|x86.Build.0 = Release|Any CPU
		{5F28CADE-009D-4D33-BBCE-BEED0E7839E0}.AppStore|Any CPU.ActiveCfg = Release|Any CPU
		{5F28CADE-009D-4D33-BBCE-BEED0E7839E0}.AppStore|Any CPU.Build.0 = Release|Any CPU
		{5F28CADE-009D-4D33-BBCE-BEED0E7839E0}.AppStore|ARM.ActiveCfg = Release|Any CPU
		{5F28CADE-009D-4D33-BBCE-BEED0E7839E0}.AppStore|ARM.Build.0 = Release|Any CPU
		{5F28CADE-009D-4D33-BBCE-BEED0E7839E0}.AppStore|iPhone.ActiveCfg = Release|Any CPU
		{5F28CADE-009D-4D33-BBCE-BEED0E7839E0}.AppStore|iPhone.Build.0 = Release|Any CPU
		{5F28CADE-009D-4D33-BBCE-BEED0E7839E0}.AppStore|iPhoneSimulator.ActiveCfg = Release|Any CPU
		{5F28CADE-009D-4D33-BBCE-BEED0E7839E0}.AppStore|iPhoneSimulator.Build.0 = Release|Any CPU
		{5F28CADE-009D-4D33-BBCE-BEED0E7839E0}.AppStore|x64.ActiveCfg = Release|Any CPU
		{5F28CADE-009D-4D33-BBCE-BEED0E7839E0}.AppStore|x64.Build.0 = Release|Any CPU
		{5F28CADE-009D-4D33-BBCE-BEED0E7839E0}.AppStore|x86.ActiveCfg = Release|Any CPU
		{5F28CADE-009D-4D33-BBCE-BEED0E7839E0}.AppStore|x86.Build.0 = Release|Any CPU
		{5F28CADE-009D-4D33-BBCE-BEED0E7839E0}.Debug|Any CPU.ActiveCfg = Debug|Any CPU
		{5F28CADE-009D-4D33-BBCE-BEED0E7839E0}.Debug|Any CPU.Build.0 = Debug|Any CPU
		{5F28CADE-009D-4D33-BBCE-BEED0E7839E0}.Debug|ARM.ActiveCfg = Debug|Any CPU
		{5F28CADE-009D-4D33-BBCE-BEED0E7839E0}.Debug|ARM.Build.0 = Debug|Any CPU
		{5F28CADE-009D-4D33-BBCE-BEED0E7839E0}.Debug|iPhone.ActiveCfg = Debug|Any CPU
		{5F28CADE-009D-4D33-BBCE-BEED0E7839E0}.Debug|iPhone.Build.0 = Debug|Any CPU
		{5F28CADE-009D-4D33-BBCE-BEED0E7839E0}.Debug|iPhoneSimulator.ActiveCfg = Debug|Any CPU
		{5F28CADE-009D-4D33-BBCE-BEED0E7839E0}.Debug|iPhoneSimulator.Build.0 = Debug|Any CPU
		{5F28CADE-009D-4D33-BBCE-BEED0E7839E0}.Debug|x64.ActiveCfg = Debug|Any CPU
		{5F28CADE-009D-4D33-BBCE-BEED0E7839E0}.Debug|x64.Build.0 = Debug|Any CPU
		{5F28CADE-009D-4D33-BBCE-BEED0E7839E0}.Debug|x86.ActiveCfg = Debug|Any CPU
		{5F28CADE-009D-4D33-BBCE-BEED0E7839E0}.Debug|x86.Build.0 = Debug|Any CPU
		{5F28CADE-009D-4D33-BBCE-BEED0E7839E0}.Release|Any CPU.ActiveCfg = Release|Any CPU
		{5F28CADE-009D-4D33-BBCE-BEED0E7839E0}.Release|Any CPU.Build.0 = Release|Any CPU
		{5F28CADE-009D-4D33-BBCE-BEED0E7839E0}.Release|ARM.ActiveCfg = Release|Any CPU
		{5F28CADE-009D-4D33-BBCE-BEED0E7839E0}.Release|ARM.Build.0 = Release|Any CPU
		{5F28CADE-009D-4D33-BBCE-BEED0E7839E0}.Release|iPhone.ActiveCfg = Release|Any CPU
		{5F28CADE-009D-4D33-BBCE-BEED0E7839E0}.Release|iPhone.Build.0 = Release|Any CPU
		{5F28CADE-009D-4D33-BBCE-BEED0E7839E0}.Release|iPhoneSimulator.ActiveCfg = Release|Any CPU
		{5F28CADE-009D-4D33-BBCE-BEED0E7839E0}.Release|iPhoneSimulator.Build.0 = Release|Any CPU
		{5F28CADE-009D-4D33-BBCE-BEED0E7839E0}.Release|x64.ActiveCfg = Release|Any CPU
		{5F28CADE-009D-4D33-BBCE-BEED0E7839E0}.Release|x64.Build.0 = Release|Any CPU
		{5F28CADE-009D-4D33-BBCE-BEED0E7839E0}.Release|x86.ActiveCfg = Release|Any CPU
		{5F28CADE-009D-4D33-BBCE-BEED0E7839E0}.Release|x86.Build.0 = Release|Any CPU
		{3895F1D0-603A-4F1E-9D06-57C9F2598D19}.Ad-Hoc|Any CPU.ActiveCfg = Release|Any CPU
		{3895F1D0-603A-4F1E-9D06-57C9F2598D19}.Ad-Hoc|Any CPU.Build.0 = Release|Any CPU
		{3895F1D0-603A-4F1E-9D06-57C9F2598D19}.Ad-Hoc|ARM.ActiveCfg = Release|Any CPU
		{3895F1D0-603A-4F1E-9D06-57C9F2598D19}.Ad-Hoc|ARM.Build.0 = Release|Any CPU
		{3895F1D0-603A-4F1E-9D06-57C9F2598D19}.Ad-Hoc|iPhone.ActiveCfg = Release|Any CPU
		{3895F1D0-603A-4F1E-9D06-57C9F2598D19}.Ad-Hoc|iPhone.Build.0 = Release|Any CPU
		{3895F1D0-603A-4F1E-9D06-57C9F2598D19}.Ad-Hoc|iPhoneSimulator.ActiveCfg = Release|Any CPU
		{3895F1D0-603A-4F1E-9D06-57C9F2598D19}.Ad-Hoc|iPhoneSimulator.Build.0 = Release|Any CPU
		{3895F1D0-603A-4F1E-9D06-57C9F2598D19}.Ad-Hoc|x64.ActiveCfg = Release|Any CPU
		{3895F1D0-603A-4F1E-9D06-57C9F2598D19}.Ad-Hoc|x64.Build.0 = Release|Any CPU
		{3895F1D0-603A-4F1E-9D06-57C9F2598D19}.Ad-Hoc|x86.ActiveCfg = Release|Any CPU
		{3895F1D0-603A-4F1E-9D06-57C9F2598D19}.Ad-Hoc|x86.Build.0 = Release|Any CPU
		{3895F1D0-603A-4F1E-9D06-57C9F2598D19}.AppStore|Any CPU.ActiveCfg = Release|Any CPU
		{3895F1D0-603A-4F1E-9D06-57C9F2598D19}.AppStore|Any CPU.Build.0 = Release|Any CPU
		{3895F1D0-603A-4F1E-9D06-57C9F2598D19}.AppStore|ARM.ActiveCfg = Release|Any CPU
		{3895F1D0-603A-4F1E-9D06-57C9F2598D19}.AppStore|ARM.Build.0 = Release|Any CPU
		{3895F1D0-603A-4F1E-9D06-57C9F2598D19}.AppStore|iPhone.ActiveCfg = Release|Any CPU
		{3895F1D0-603A-4F1E-9D06-57C9F2598D19}.AppStore|iPhone.Build.0 = Release|Any CPU
		{3895F1D0-603A-4F1E-9D06-57C9F2598D19}.AppStore|iPhoneSimulator.ActiveCfg = Release|Any CPU
		{3895F1D0-603A-4F1E-9D06-57C9F2598D19}.AppStore|iPhoneSimulator.Build.0 = Release|Any CPU
		{3895F1D0-603A-4F1E-9D06-57C9F2598D19}.AppStore|x64.ActiveCfg = Release|Any CPU
		{3895F1D0-603A-4F1E-9D06-57C9F2598D19}.AppStore|x64.Build.0 = Release|Any CPU
		{3895F1D0-603A-4F1E-9D06-57C9F2598D19}.AppStore|x86.ActiveCfg = Release|Any CPU
		{3895F1D0-603A-4F1E-9D06-57C9F2598D19}.AppStore|x86.Build.0 = Release|Any CPU
		{3895F1D0-603A-4F1E-9D06-57C9F2598D19}.Debug|Any CPU.ActiveCfg = Debug|Any CPU
		{3895F1D0-603A-4F1E-9D06-57C9F2598D19}.Debug|Any CPU.Build.0 = Debug|Any CPU
		{3895F1D0-603A-4F1E-9D06-57C9F2598D19}.Debug|ARM.ActiveCfg = Debug|Any CPU
		{3895F1D0-603A-4F1E-9D06-57C9F2598D19}.Debug|ARM.Build.0 = Debug|Any CPU
		{3895F1D0-603A-4F1E-9D06-57C9F2598D19}.Debug|iPhone.ActiveCfg = Debug|Any CPU
		{3895F1D0-603A-4F1E-9D06-57C9F2598D19}.Debug|iPhone.Build.0 = Debug|Any CPU
		{3895F1D0-603A-4F1E-9D06-57C9F2598D19}.Debug|iPhoneSimulator.ActiveCfg = Debug|Any CPU
		{3895F1D0-603A-4F1E-9D06-57C9F2598D19}.Debug|iPhoneSimulator.Build.0 = Debug|Any CPU
		{3895F1D0-603A-4F1E-9D06-57C9F2598D19}.Debug|x64.ActiveCfg = Debug|Any CPU
		{3895F1D0-603A-4F1E-9D06-57C9F2598D19}.Debug|x64.Build.0 = Debug|Any CPU
		{3895F1D0-603A-4F1E-9D06-57C9F2598D19}.Debug|x86.ActiveCfg = Debug|Any CPU
		{3895F1D0-603A-4F1E-9D06-57C9F2598D19}.Debug|x86.Build.0 = Debug|Any CPU
		{3895F1D0-603A-4F1E-9D06-57C9F2598D19}.Release|Any CPU.ActiveCfg = Release|Any CPU
		{3895F1D0-603A-4F1E-9D06-57C9F2598D19}.Release|Any CPU.Build.0 = Release|Any CPU
		{3895F1D0-603A-4F1E-9D06-57C9F2598D19}.Release|ARM.ActiveCfg = Release|Any CPU
		{3895F1D0-603A-4F1E-9D06-57C9F2598D19}.Release|ARM.Build.0 = Release|Any CPU
		{3895F1D0-603A-4F1E-9D06-57C9F2598D19}.Release|iPhone.ActiveCfg = Release|Any CPU
		{3895F1D0-603A-4F1E-9D06-57C9F2598D19}.Release|iPhone.Build.0 = Release|Any CPU
		{3895F1D0-603A-4F1E-9D06-57C9F2598D19}.Release|iPhoneSimulator.ActiveCfg = Release|Any CPU
		{3895F1D0-603A-4F1E-9D06-57C9F2598D19}.Release|iPhoneSimulator.Build.0 = Release|Any CPU
		{3895F1D0-603A-4F1E-9D06-57C9F2598D19}.Release|x64.ActiveCfg = Release|Any CPU
		{3895F1D0-603A-4F1E-9D06-57C9F2598D19}.Release|x64.Build.0 = Release|Any CPU
		{3895F1D0-603A-4F1E-9D06-57C9F2598D19}.Release|x86.ActiveCfg = Release|Any CPU
		{3895F1D0-603A-4F1E-9D06-57C9F2598D19}.Release|x86.Build.0 = Release|Any CPU
		{444074A5-4014-4AF4-92FF-9801C8DFF7FC}.Ad-Hoc|Any CPU.ActiveCfg = Release|Any CPU
		{444074A5-4014-4AF4-92FF-9801C8DFF7FC}.Ad-Hoc|Any CPU.Build.0 = Release|Any CPU
		{444074A5-4014-4AF4-92FF-9801C8DFF7FC}.Ad-Hoc|ARM.ActiveCfg = Release|Any CPU
		{444074A5-4014-4AF4-92FF-9801C8DFF7FC}.Ad-Hoc|ARM.Build.0 = Release|Any CPU
		{444074A5-4014-4AF4-92FF-9801C8DFF7FC}.Ad-Hoc|iPhone.ActiveCfg = Release|Any CPU
		{444074A5-4014-4AF4-92FF-9801C8DFF7FC}.Ad-Hoc|iPhone.Build.0 = Release|Any CPU
		{444074A5-4014-4AF4-92FF-9801C8DFF7FC}.Ad-Hoc|iPhoneSimulator.ActiveCfg = Release|Any CPU
		{444074A5-4014-4AF4-92FF-9801C8DFF7FC}.Ad-Hoc|iPhoneSimulator.Build.0 = Release|Any CPU
		{444074A5-4014-4AF4-92FF-9801C8DFF7FC}.Ad-Hoc|x64.ActiveCfg = Release|Any CPU
		{444074A5-4014-4AF4-92FF-9801C8DFF7FC}.Ad-Hoc|x64.Build.0 = Release|Any CPU
		{444074A5-4014-4AF4-92FF-9801C8DFF7FC}.Ad-Hoc|x86.ActiveCfg = Release|Any CPU
		{444074A5-4014-4AF4-92FF-9801C8DFF7FC}.Ad-Hoc|x86.Build.0 = Release|Any CPU
		{444074A5-4014-4AF4-92FF-9801C8DFF7FC}.AppStore|Any CPU.ActiveCfg = Release|Any CPU
		{444074A5-4014-4AF4-92FF-9801C8DFF7FC}.AppStore|Any CPU.Build.0 = Release|Any CPU
		{444074A5-4014-4AF4-92FF-9801C8DFF7FC}.AppStore|ARM.ActiveCfg = Release|Any CPU
		{444074A5-4014-4AF4-92FF-9801C8DFF7FC}.AppStore|ARM.Build.0 = Release|Any CPU
		{444074A5-4014-4AF4-92FF-9801C8DFF7FC}.AppStore|iPhone.ActiveCfg = Release|Any CPU
		{444074A5-4014-4AF4-92FF-9801C8DFF7FC}.AppStore|iPhone.Build.0 = Release|Any CPU
		{444074A5-4014-4AF4-92FF-9801C8DFF7FC}.AppStore|iPhoneSimulator.ActiveCfg = Release|Any CPU
		{444074A5-4014-4AF4-92FF-9801C8DFF7FC}.AppStore|iPhoneSimulator.Build.0 = Release|Any CPU
		{444074A5-4014-4AF4-92FF-9801C8DFF7FC}.AppStore|x64.ActiveCfg = Release|Any CPU
		{444074A5-4014-4AF4-92FF-9801C8DFF7FC}.AppStore|x64.Build.0 = Release|Any CPU
		{444074A5-4014-4AF4-92FF-9801C8DFF7FC}.AppStore|x86.ActiveCfg = Release|Any CPU
		{444074A5-4014-4AF4-92FF-9801C8DFF7FC}.AppStore|x86.Build.0 = Release|Any CPU
		{444074A5-4014-4AF4-92FF-9801C8DFF7FC}.Debug|Any CPU.ActiveCfg = Debug|Any CPU
		{444074A5-4014-4AF4-92FF-9801C8DFF7FC}.Debug|Any CPU.Build.0 = Debug|Any CPU
		{444074A5-4014-4AF4-92FF-9801C8DFF7FC}.Debug|ARM.ActiveCfg = Debug|Any CPU
		{444074A5-4014-4AF4-92FF-9801C8DFF7FC}.Debug|ARM.Build.0 = Debug|Any CPU
		{444074A5-4014-4AF4-92FF-9801C8DFF7FC}.Debug|iPhone.ActiveCfg = Debug|Any CPU
		{444074A5-4014-4AF4-92FF-9801C8DFF7FC}.Debug|iPhone.Build.0 = Debug|Any CPU
		{444074A5-4014-4AF4-92FF-9801C8DFF7FC}.Debug|iPhoneSimulator.ActiveCfg = Debug|Any CPU
		{444074A5-4014-4AF4-92FF-9801C8DFF7FC}.Debug|iPhoneSimulator.Build.0 = Debug|Any CPU
		{444074A5-4014-4AF4-92FF-9801C8DFF7FC}.Debug|x64.ActiveCfg = Debug|Any CPU
		{444074A5-4014-4AF4-92FF-9801C8DFF7FC}.Debug|x64.Build.0 = Debug|Any CPU
		{444074A5-4014-4AF4-92FF-9801C8DFF7FC}.Debug|x86.ActiveCfg = Debug|Any CPU
		{444074A5-4014-4AF4-92FF-9801C8DFF7FC}.Debug|x86.Build.0 = Debug|Any CPU
		{444074A5-4014-4AF4-92FF-9801C8DFF7FC}.Release|Any CPU.ActiveCfg = Release|Any CPU
		{444074A5-4014-4AF4-92FF-9801C8DFF7FC}.Release|Any CPU.Build.0 = Release|Any CPU
		{444074A5-4014-4AF4-92FF-9801C8DFF7FC}.Release|ARM.ActiveCfg = Release|Any CPU
		{444074A5-4014-4AF4-92FF-9801C8DFF7FC}.Release|ARM.Build.0 = Release|Any CPU
		{444074A5-4014-4AF4-92FF-9801C8DFF7FC}.Release|iPhone.ActiveCfg = Release|Any CPU
		{444074A5-4014-4AF4-92FF-9801C8DFF7FC}.Release|iPhone.Build.0 = Release|Any CPU
		{444074A5-4014-4AF4-92FF-9801C8DFF7FC}.Release|iPhoneSimulator.ActiveCfg = Release|Any CPU
		{444074A5-4014-4AF4-92FF-9801C8DFF7FC}.Release|iPhoneSimulator.Build.0 = Release|Any CPU
		{444074A5-4014-4AF4-92FF-9801C8DFF7FC}.Release|x64.ActiveCfg = Release|Any CPU
		{444074A5-4014-4AF4-92FF-9801C8DFF7FC}.Release|x64.Build.0 = Release|Any CPU
		{444074A5-4014-4AF4-92FF-9801C8DFF7FC}.Release|x86.ActiveCfg = Release|Any CPU
		{444074A5-4014-4AF4-92FF-9801C8DFF7FC}.Release|x86.Build.0 = Release|Any CPU
		{46F68167-689A-4E9D-AB7C-6EAE8B5CA0D2}.Ad-Hoc|Any CPU.ActiveCfg = Release|Any CPU
		{46F68167-689A-4E9D-AB7C-6EAE8B5CA0D2}.Ad-Hoc|Any CPU.Build.0 = Release|Any CPU
		{46F68167-689A-4E9D-AB7C-6EAE8B5CA0D2}.Ad-Hoc|ARM.ActiveCfg = Release|Any CPU
		{46F68167-689A-4E9D-AB7C-6EAE8B5CA0D2}.Ad-Hoc|ARM.Build.0 = Release|Any CPU
		{46F68167-689A-4E9D-AB7C-6EAE8B5CA0D2}.Ad-Hoc|iPhone.ActiveCfg = Release|Any CPU
		{46F68167-689A-4E9D-AB7C-6EAE8B5CA0D2}.Ad-Hoc|iPhone.Build.0 = Release|Any CPU
		{46F68167-689A-4E9D-AB7C-6EAE8B5CA0D2}.Ad-Hoc|iPhoneSimulator.ActiveCfg = Release|Any CPU
		{46F68167-689A-4E9D-AB7C-6EAE8B5CA0D2}.Ad-Hoc|iPhoneSimulator.Build.0 = Release|Any CPU
		{46F68167-689A-4E9D-AB7C-6EAE8B5CA0D2}.Ad-Hoc|x64.ActiveCfg = Release|Any CPU
		{46F68167-689A-4E9D-AB7C-6EAE8B5CA0D2}.Ad-Hoc|x64.Build.0 = Release|Any CPU
		{46F68167-689A-4E9D-AB7C-6EAE8B5CA0D2}.Ad-Hoc|x86.ActiveCfg = Release|Any CPU
		{46F68167-689A-4E9D-AB7C-6EAE8B5CA0D2}.Ad-Hoc|x86.Build.0 = Release|Any CPU
		{46F68167-689A-4E9D-AB7C-6EAE8B5CA0D2}.AppStore|Any CPU.ActiveCfg = Release|Any CPU
		{46F68167-689A-4E9D-AB7C-6EAE8B5CA0D2}.AppStore|Any CPU.Build.0 = Release|Any CPU
		{46F68167-689A-4E9D-AB7C-6EAE8B5CA0D2}.AppStore|ARM.ActiveCfg = Release|Any CPU
		{46F68167-689A-4E9D-AB7C-6EAE8B5CA0D2}.AppStore|ARM.Build.0 = Release|Any CPU
		{46F68167-689A-4E9D-AB7C-6EAE8B5CA0D2}.AppStore|iPhone.ActiveCfg = Release|Any CPU
		{46F68167-689A-4E9D-AB7C-6EAE8B5CA0D2}.AppStore|iPhone.Build.0 = Release|Any CPU
		{46F68167-689A-4E9D-AB7C-6EAE8B5CA0D2}.AppStore|iPhoneSimulator.ActiveCfg = Release|Any CPU
		{46F68167-689A-4E9D-AB7C-6EAE8B5CA0D2}.AppStore|iPhoneSimulator.Build.0 = Release|Any CPU
		{46F68167-689A-4E9D-AB7C-6EAE8B5CA0D2}.AppStore|x64.ActiveCfg = Release|Any CPU
		{46F68167-689A-4E9D-AB7C-6EAE8B5CA0D2}.AppStore|x64.Build.0 = Release|Any CPU
		{46F68167-689A-4E9D-AB7C-6EAE8B5CA0D2}.AppStore|x86.ActiveCfg = Release|Any CPU
		{46F68167-689A-4E9D-AB7C-6EAE8B5CA0D2}.AppStore|x86.Build.0 = Release|Any CPU
		{46F68167-689A-4E9D-AB7C-6EAE8B5CA0D2}.Debug|Any CPU.ActiveCfg = Debug|Any CPU
		{46F68167-689A-4E9D-AB7C-6EAE8B5CA0D2}.Debug|Any CPU.Build.0 = Debug|Any CPU
		{46F68167-689A-4E9D-AB7C-6EAE8B5CA0D2}.Debug|ARM.ActiveCfg = Debug|Any CPU
		{46F68167-689A-4E9D-AB7C-6EAE8B5CA0D2}.Debug|ARM.Build.0 = Debug|Any CPU
		{46F68167-689A-4E9D-AB7C-6EAE8B5CA0D2}.Debug|iPhone.ActiveCfg = Debug|Any CPU
		{46F68167-689A-4E9D-AB7C-6EAE8B5CA0D2}.Debug|iPhone.Build.0 = Debug|Any CPU
		{46F68167-689A-4E9D-AB7C-6EAE8B5CA0D2}.Debug|iPhoneSimulator.ActiveCfg = Debug|Any CPU
		{46F68167-689A-4E9D-AB7C-6EAE8B5CA0D2}.Debug|iPhoneSimulator.Build.0 = Debug|Any CPU
		{46F68167-689A-4E9D-AB7C-6EAE8B5CA0D2}.Debug|x64.ActiveCfg = Debug|Any CPU
		{46F68167-689A-4E9D-AB7C-6EAE8B5CA0D2}.Debug|x64.Build.0 = Debug|Any CPU
		{46F68167-689A-4E9D-AB7C-6EAE8B5CA0D2}.Debug|x86.ActiveCfg = Debug|Any CPU
		{46F68167-689A-4E9D-AB7C-6EAE8B5CA0D2}.Debug|x86.Build.0 = Debug|Any CPU
		{46F68167-689A-4E9D-AB7C-6EAE8B5CA0D2}.Release|Any CPU.ActiveCfg = Release|Any CPU
		{46F68167-689A-4E9D-AB7C-6EAE8B5CA0D2}.Release|Any CPU.Build.0 = Release|Any CPU
		{46F68167-689A-4E9D-AB7C-6EAE8B5CA0D2}.Release|ARM.ActiveCfg = Release|Any CPU
		{46F68167-689A-4E9D-AB7C-6EAE8B5CA0D2}.Release|ARM.Build.0 = Release|Any CPU
		{46F68167-689A-4E9D-AB7C-6EAE8B5CA0D2}.Release|iPhone.ActiveCfg = Release|Any CPU
		{46F68167-689A-4E9D-AB7C-6EAE8B5CA0D2}.Release|iPhone.Build.0 = Release|Any CPU
		{46F68167-689A-4E9D-AB7C-6EAE8B5CA0D2}.Release|iPhoneSimulator.ActiveCfg = Release|Any CPU
		{46F68167-689A-4E9D-AB7C-6EAE8B5CA0D2}.Release|iPhoneSimulator.Build.0 = Release|Any CPU
		{46F68167-689A-4E9D-AB7C-6EAE8B5CA0D2}.Release|x64.ActiveCfg = Release|Any CPU
		{46F68167-689A-4E9D-AB7C-6EAE8B5CA0D2}.Release|x64.Build.0 = Release|Any CPU
		{46F68167-689A-4E9D-AB7C-6EAE8B5CA0D2}.Release|x86.ActiveCfg = Release|Any CPU
		{46F68167-689A-4E9D-AB7C-6EAE8B5CA0D2}.Release|x86.Build.0 = Release|Any CPU
		{23E8F3BA-A2DC-4DE4-8881-AB6341550336}.Ad-Hoc|Any CPU.ActiveCfg = Release|Any CPU
		{23E8F3BA-A2DC-4DE4-8881-AB6341550336}.Ad-Hoc|Any CPU.Build.0 = Release|Any CPU
		{23E8F3BA-A2DC-4DE4-8881-AB6341550336}.Ad-Hoc|ARM.ActiveCfg = Release|Any CPU
		{23E8F3BA-A2DC-4DE4-8881-AB6341550336}.Ad-Hoc|ARM.Build.0 = Release|Any CPU
		{23E8F3BA-A2DC-4DE4-8881-AB6341550336}.Ad-Hoc|iPhone.ActiveCfg = Release|Any CPU
		{23E8F3BA-A2DC-4DE4-8881-AB6341550336}.Ad-Hoc|iPhone.Build.0 = Release|Any CPU
		{23E8F3BA-A2DC-4DE4-8881-AB6341550336}.Ad-Hoc|iPhoneSimulator.ActiveCfg = Release|Any CPU
		{23E8F3BA-A2DC-4DE4-8881-AB6341550336}.Ad-Hoc|iPhoneSimulator.Build.0 = Release|Any CPU
		{23E8F3BA-A2DC-4DE4-8881-AB6341550336}.Ad-Hoc|x64.ActiveCfg = Release|Any CPU
		{23E8F3BA-A2DC-4DE4-8881-AB6341550336}.Ad-Hoc|x64.Build.0 = Release|Any CPU
		{23E8F3BA-A2DC-4DE4-8881-AB6341550336}.Ad-Hoc|x86.ActiveCfg = Release|Any CPU
		{23E8F3BA-A2DC-4DE4-8881-AB6341550336}.Ad-Hoc|x86.Build.0 = Release|Any CPU
		{23E8F3BA-A2DC-4DE4-8881-AB6341550336}.AppStore|Any CPU.ActiveCfg = Release|Any CPU
		{23E8F3BA-A2DC-4DE4-8881-AB6341550336}.AppStore|Any CPU.Build.0 = Release|Any CPU
		{23E8F3BA-A2DC-4DE4-8881-AB6341550336}.AppStore|ARM.ActiveCfg = Release|Any CPU
		{23E8F3BA-A2DC-4DE4-8881-AB6341550336}.AppStore|ARM.Build.0 = Release|Any CPU
		{23E8F3BA-A2DC-4DE4-8881-AB6341550336}.AppStore|iPhone.ActiveCfg = Release|Any CPU
		{23E8F3BA-A2DC-4DE4-8881-AB6341550336}.AppStore|iPhone.Build.0 = Release|Any CPU
		{23E8F3BA-A2DC-4DE4-8881-AB6341550336}.AppStore|iPhoneSimulator.ActiveCfg = Release|Any CPU
		{23E8F3BA-A2DC-4DE4-8881-AB6341550336}.AppStore|iPhoneSimulator.Build.0 = Release|Any CPU
		{23E8F3BA-A2DC-4DE4-8881-AB6341550336}.AppStore|x64.ActiveCfg = Release|Any CPU
		{23E8F3BA-A2DC-4DE4-8881-AB6341550336}.AppStore|x64.Build.0 = Release|Any CPU
		{23E8F3BA-A2DC-4DE4-8881-AB6341550336}.AppStore|x86.ActiveCfg = Release|Any CPU
		{23E8F3BA-A2DC-4DE4-8881-AB6341550336}.AppStore|x86.Build.0 = Release|Any CPU
		{23E8F3BA-A2DC-4DE4-8881-AB6341550336}.Debug|Any CPU.ActiveCfg = Debug|Any CPU
		{23E8F3BA-A2DC-4DE4-8881-AB6341550336}.Debug|Any CPU.Build.0 = Debug|Any CPU
		{23E8F3BA-A2DC-4DE4-8881-AB6341550336}.Debug|ARM.ActiveCfg = Debug|Any CPU
		{23E8F3BA-A2DC-4DE4-8881-AB6341550336}.Debug|ARM.Build.0 = Debug|Any CPU
		{23E8F3BA-A2DC-4DE4-8881-AB6341550336}.Debug|iPhone.ActiveCfg = Debug|Any CPU
		{23E8F3BA-A2DC-4DE4-8881-AB6341550336}.Debug|iPhone.Build.0 = Debug|Any CPU
		{23E8F3BA-A2DC-4DE4-8881-AB6341550336}.Debug|iPhoneSimulator.ActiveCfg = Debug|Any CPU
		{23E8F3BA-A2DC-4DE4-8881-AB6341550336}.Debug|iPhoneSimulator.Build.0 = Debug|Any CPU
		{23E8F3BA-A2DC-4DE4-8881-AB6341550336}.Debug|x64.ActiveCfg = Debug|Any CPU
		{23E8F3BA-A2DC-4DE4-8881-AB6341550336}.Debug|x64.Build.0 = Debug|Any CPU
		{23E8F3BA-A2DC-4DE4-8881-AB6341550336}.Debug|x86.ActiveCfg = Debug|Any CPU
		{23E8F3BA-A2DC-4DE4-8881-AB6341550336}.Debug|x86.Build.0 = Debug|Any CPU
		{23E8F3BA-A2DC-4DE4-8881-AB6341550336}.Release|Any CPU.ActiveCfg = Release|Any CPU
		{23E8F3BA-A2DC-4DE4-8881-AB6341550336}.Release|Any CPU.Build.0 = Release|Any CPU
		{23E8F3BA-A2DC-4DE4-8881-AB6341550336}.Release|ARM.ActiveCfg = Release|Any CPU
		{23E8F3BA-A2DC-4DE4-8881-AB6341550336}.Release|ARM.Build.0 = Release|Any CPU
		{23E8F3BA-A2DC-4DE4-8881-AB6341550336}.Release|iPhone.ActiveCfg = Release|Any CPU
		{23E8F3BA-A2DC-4DE4-8881-AB6341550336}.Release|iPhone.Build.0 = Release|Any CPU
		{23E8F3BA-A2DC-4DE4-8881-AB6341550336}.Release|iPhoneSimulator.ActiveCfg = Release|Any CPU
		{23E8F3BA-A2DC-4DE4-8881-AB6341550336}.Release|iPhoneSimulator.Build.0 = Release|Any CPU
		{23E8F3BA-A2DC-4DE4-8881-AB6341550336}.Release|x64.ActiveCfg = Release|Any CPU
		{23E8F3BA-A2DC-4DE4-8881-AB6341550336}.Release|x64.Build.0 = Release|Any CPU
		{23E8F3BA-A2DC-4DE4-8881-AB6341550336}.Release|x86.ActiveCfg = Release|Any CPU
		{23E8F3BA-A2DC-4DE4-8881-AB6341550336}.Release|x86.Build.0 = Release|Any CPU
	EndGlobalSection
	GlobalSection(SolutionProperties) = preSolution
		HideSolutionNode = FALSE
	EndGlobalSection
	GlobalSection(NestedProjects) = preSolution
		{7F76DC14-B446-4B2B-B43A-B490BC075AF7} = {5E6145F8-7920-4501-9B54-58CE5F97D277}
		{5F28CADE-009D-4D33-BBCE-BEED0E7839E0} = {E866DCB6-E00F-4276-B9CD-45FA3AC6CAFB}
		{3895F1D0-603A-4F1E-9D06-57C9F2598D19} = {E866DCB6-E00F-4276-B9CD-45FA3AC6CAFB}
		{444074A5-4014-4AF4-92FF-9801C8DFF7FC} = {E866DCB6-E00F-4276-B9CD-45FA3AC6CAFB}
		{46F68167-689A-4E9D-AB7C-6EAE8B5CA0D2} = {E866DCB6-E00F-4276-B9CD-45FA3AC6CAFB}
		{23E8F3BA-A2DC-4DE4-8881-AB6341550336} = {9B529EC0-F6D2-4041-8932-0E715B9A1CA1}
	EndGlobalSection
EndGlobal
