
Microsoft Visual Studio Solution File, Format Version 12.00
# Visual Studio Version 16
VisualStudioVersion = 16.0.31402.337
MinimumVisualStudioVersion = 10.0.40219.1
Project("{2150E333-8FDC-42A3-9474-1A3956D46DE8}") = "API", "API", "{5E6145F8-7920-4501-9B54-58CE5F97D277}"
EndProject
Project("{2150E333-8FDC-42A3-9474-1A3956D46DE8}") = "Domain", "Domain", "{E866DCB6-E00F-4276-B9CD-45FA3AC6CAFB}"
EndProject
Project("{2150E333-8FDC-42A3-9474-1A3956D46DE8}") = "Mobile", "Mobile", "{926C6D10-0146-46E2-ABE6-3C778541D72C}"
EndProject
Project("{FAE04EC0-301F-11D3-BF4B-00C04F79EFBC}") = "MeAdota.API", "MeAdota.API\MeAdota.API.csproj", "{7F76DC14-B446-4B2B-B43A-B490BC075AF7}"
EndProject
Project("{FAE04EC0-301F-11D3-BF4B-00C04F79EFBC}") = "MeAdota.Data", "MeAdota.Data\MeAdota.Data.csproj", "{3895F1D0-603A-4F1E-9D06-57C9F2598D19}"
EndProject
Project("{FAE04EC0-301F-11D3-BF4B-00C04F79EFBC}") = "MeAdota.IoC", "MeAdota.IoC\MeAdota.IoC.csproj", "{46F68167-689A-4E9D-AB7C-6EAE8B5CA0D2}"
EndProject
Project("{FAE04EC0-301F-11D3-BF4B-00C04F79EFBC}") = "MeAdota.Model", "MeAdota.Model\MeAdota.Model.csproj", "{5F28CADE-009D-4D33-BBCE-BEED0E7839E0}"
EndProject
Project("{FAE04EC0-301F-11D3-BF4B-00C04F79EFBC}") = "MeAdota.Services", "MeAdota.Services\MeAdota.Services.csproj", "{444074A5-4014-4AF4-92FF-9801C8DFF7FC}"
EndProject
Project("{FAE04EC0-301F-11D3-BF4B-00C04F79EFBC}") = "MeAdota.Mobile", "MeAdota.Mobile\MeAdota.Mobile\MeAdota.Mobile.csproj", "{70392AD2-C03C-4221-88D4-BED1AFA6EB3A}"
EndProject
Project("{FAE04EC0-301F-11D3-BF4B-00C04F79EFBC}") = "MeAdota.Mobile.Droid", "MeAdota.Mobile\MeAdota.Mobile.Droid\MeAdota.Mobile.Droid.csproj", "{7046DFF3-1425-4EC5-BEE2-904143865D34}"
EndProject
Project("{FAE04EC0-301F-11D3-BF4B-00C04F79EFBC}") = "MeAdota.Mobile.iOS", "MeAdota.Mobile\MeAdota.Mobile.iOS\MeAdota.Mobile.iOS.csproj", "{1CCA4FD5-B0F9-4121-8490-A898C64D9254}"
EndProject
Project("{FAE04EC0-301F-11D3-BF4B-00C04F79EFBC}") = "MeAdota.Mobile.UWP", "MeAdota.Mobile\MeAdota.Mobile.UWP\MeAdota.Mobile.UWP.csproj", "{3BD5661E-0460-4AE6-9236-9AE0C95B4206}"
EndProject
Global
	GlobalSection(SolutionConfigurationPlatforms) = preSolution
		Ad-Hoc|Any CPU = Ad-Hoc|Any CPU
		Ad-Hoc|ARM = Ad-Hoc|ARM
		Ad-Hoc|ARM64 = Ad-Hoc|ARM64
		Ad-Hoc|iPhone = Ad-Hoc|iPhone
		Ad-Hoc|iPhoneSimulator = Ad-Hoc|iPhoneSimulator
		Ad-Hoc|x64 = Ad-Hoc|x64
		Ad-Hoc|x86 = Ad-Hoc|x86
		AppStore|Any CPU = AppStore|Any CPU
		AppStore|ARM = AppStore|ARM
		AppStore|ARM64 = AppStore|ARM64
		AppStore|iPhone = AppStore|iPhone
		AppStore|iPhoneSimulator = AppStore|iPhoneSimulator
		AppStore|x64 = AppStore|x64
		AppStore|x86 = AppStore|x86
		Debug|Any CPU = Debug|Any CPU
		Debug|ARM = Debug|ARM
		Debug|ARM64 = Debug|ARM64
		Debug|iPhone = Debug|iPhone
		Debug|iPhoneSimulator = Debug|iPhoneSimulator
		Debug|x64 = Debug|x64
		Debug|x86 = Debug|x86
		Release|Any CPU = Release|Any CPU
		Release|ARM = Release|ARM
		Release|ARM64 = Release|ARM64
		Release|iPhone = Release|iPhone
		Release|iPhoneSimulator = Release|iPhoneSimulator
		Release|x64 = Release|x64
		Release|x86 = Release|x86
	EndGlobalSection
	GlobalSection(ProjectConfigurationPlatforms) = postSolution
		{7F76DC14-B446-4B2B-B43A-B490BC075AF7}.Ad-Hoc|Any CPU.ActiveCfg = Debug|Any CPU
		{7F76DC14-B446-4B2B-B43A-B490BC075AF7}.Ad-Hoc|Any CPU.Build.0 = Debug|Any CPU
		{7F76DC14-B446-4B2B-B43A-B490BC075AF7}.Ad-Hoc|ARM.ActiveCfg = Debug|Any CPU
		{7F76DC14-B446-4B2B-B43A-B490BC075AF7}.Ad-Hoc|ARM.Build.0 = Debug|Any CPU
		{7F76DC14-B446-4B2B-B43A-B490BC075AF7}.Ad-Hoc|ARM64.ActiveCfg = Release|Any CPU
		{7F76DC14-B446-4B2B-B43A-B490BC075AF7}.Ad-Hoc|ARM64.Build.0 = Release|Any CPU
		{7F76DC14-B446-4B2B-B43A-B490BC075AF7}.Ad-Hoc|iPhone.ActiveCfg = Debug|Any CPU
		{7F76DC14-B446-4B2B-B43A-B490BC075AF7}.Ad-Hoc|iPhone.Build.0 = Debug|Any CPU
		{7F76DC14-B446-4B2B-B43A-B490BC075AF7}.Ad-Hoc|iPhoneSimulator.ActiveCfg = Debug|Any CPU
		{7F76DC14-B446-4B2B-B43A-B490BC075AF7}.Ad-Hoc|iPhoneSimulator.Build.0 = Debug|Any CPU
		{7F76DC14-B446-4B2B-B43A-B490BC075AF7}.Ad-Hoc|x64.ActiveCfg = Debug|Any CPU
		{7F76DC14-B446-4B2B-B43A-B490BC075AF7}.Ad-Hoc|x64.Build.0 = Debug|Any CPU
		{7F76DC14-B446-4B2B-B43A-B490BC075AF7}.Ad-Hoc|x86.ActiveCfg = Debug|Any CPU
		{7F76DC14-B446-4B2B-B43A-B490BC075AF7}.Ad-Hoc|x86.Build.0 = Debug|Any CPU
		{7F76DC14-B446-4B2B-B43A-B490BC075AF7}.AppStore|Any CPU.ActiveCfg = Debug|Any CPU
		{7F76DC14-B446-4B2B-B43A-B490BC075AF7}.AppStore|Any CPU.Build.0 = Debug|Any CPU
		{7F76DC14-B446-4B2B-B43A-B490BC075AF7}.AppStore|ARM.ActiveCfg = Debug|Any CPU
		{7F76DC14-B446-4B2B-B43A-B490BC075AF7}.AppStore|ARM.Build.0 = Debug|Any CPU
		{7F76DC14-B446-4B2B-B43A-B490BC075AF7}.AppStore|ARM64.ActiveCfg = Release|Any CPU
		{7F76DC14-B446-4B2B-B43A-B490BC075AF7}.AppStore|ARM64.Build.0 = Release|Any CPU
		{7F76DC14-B446-4B2B-B43A-B490BC075AF7}.AppStore|iPhone.ActiveCfg = Debug|Any CPU
		{7F76DC14-B446-4B2B-B43A-B490BC075AF7}.AppStore|iPhone.Build.0 = Debug|Any CPU
		{7F76DC14-B446-4B2B-B43A-B490BC075AF7}.AppStore|iPhoneSimulator.ActiveCfg = Debug|Any CPU
		{7F76DC14-B446-4B2B-B43A-B490BC075AF7}.AppStore|iPhoneSimulator.Build.0 = Debug|Any CPU
		{7F76DC14-B446-4B2B-B43A-B490BC075AF7}.AppStore|x64.ActiveCfg = Debug|Any CPU
		{7F76DC14-B446-4B2B-B43A-B490BC075AF7}.AppStore|x64.Build.0 = Debug|Any CPU
		{7F76DC14-B446-4B2B-B43A-B490BC075AF7}.AppStore|x86.ActiveCfg = Debug|Any CPU
		{7F76DC14-B446-4B2B-B43A-B490BC075AF7}.AppStore|x86.Build.0 = Debug|Any CPU
		{7F76DC14-B446-4B2B-B43A-B490BC075AF7}.Debug|Any CPU.ActiveCfg = Debug|Any CPU
		{7F76DC14-B446-4B2B-B43A-B490BC075AF7}.Debug|Any CPU.Build.0 = Debug|Any CPU
		{7F76DC14-B446-4B2B-B43A-B490BC075AF7}.Debug|ARM.ActiveCfg = Debug|Any CPU
		{7F76DC14-B446-4B2B-B43A-B490BC075AF7}.Debug|ARM.Build.0 = Debug|Any CPU
		{7F76DC14-B446-4B2B-B43A-B490BC075AF7}.Debug|ARM64.ActiveCfg = Debug|Any CPU
		{7F76DC14-B446-4B2B-B43A-B490BC075AF7}.Debug|ARM64.Build.0 = Debug|Any CPU
		{7F76DC14-B446-4B2B-B43A-B490BC075AF7}.Debug|iPhone.ActiveCfg = Debug|Any CPU
		{7F76DC14-B446-4B2B-B43A-B490BC075AF7}.Debug|iPhone.Build.0 = Debug|Any CPU
		{7F76DC14-B446-4B2B-B43A-B490BC075AF7}.Debug|iPhoneSimulator.ActiveCfg = Debug|Any CPU
		{7F76DC14-B446-4B2B-B43A-B490BC075AF7}.Debug|iPhoneSimulator.Build.0 = Debug|Any CPU
		{7F76DC14-B446-4B2B-B43A-B490BC075AF7}.Debug|x64.ActiveCfg = Debug|Any CPU
		{7F76DC14-B446-4B2B-B43A-B490BC075AF7}.Debug|x64.Build.0 = Debug|Any CPU
		{7F76DC14-B446-4B2B-B43A-B490BC075AF7}.Debug|x86.ActiveCfg = Debug|Any CPU
		{7F76DC14-B446-4B2B-B43A-B490BC075AF7}.Debug|x86.Build.0 = Debug|Any CPU
		{7F76DC14-B446-4B2B-B43A-B490BC075AF7}.Release|Any CPU.ActiveCfg = Release|Any CPU
		{7F76DC14-B446-4B2B-B43A-B490BC075AF7}.Release|Any CPU.Build.0 = Release|Any CPU
		{7F76DC14-B446-4B2B-B43A-B490BC075AF7}.Release|ARM.ActiveCfg = Release|Any CPU
		{7F76DC14-B446-4B2B-B43A-B490BC075AF7}.Release|ARM.Build.0 = Release|Any CPU
		{7F76DC14-B446-4B2B-B43A-B490BC075AF7}.Release|ARM64.ActiveCfg = Release|Any CPU
		{7F76DC14-B446-4B2B-B43A-B490BC075AF7}.Release|ARM64.Build.0 = Release|Any CPU
		{7F76DC14-B446-4B2B-B43A-B490BC075AF7}.Release|iPhone.ActiveCfg = Release|Any CPU
		{7F76DC14-B446-4B2B-B43A-B490BC075AF7}.Release|iPhone.Build.0 = Release|Any CPU
		{7F76DC14-B446-4B2B-B43A-B490BC075AF7}.Release|iPhoneSimulator.ActiveCfg = Release|Any CPU
		{7F76DC14-B446-4B2B-B43A-B490BC075AF7}.Release|iPhoneSimulator.Build.0 = Release|Any CPU
		{7F76DC14-B446-4B2B-B43A-B490BC075AF7}.Release|x64.ActiveCfg = Release|Any CPU
		{7F76DC14-B446-4B2B-B43A-B490BC075AF7}.Release|x64.Build.0 = Release|Any CPU
		{7F76DC14-B446-4B2B-B43A-B490BC075AF7}.Release|x86.ActiveCfg = Release|Any CPU
		{7F76DC14-B446-4B2B-B43A-B490BC075AF7}.Release|x86.Build.0 = Release|Any CPU
		{3895F1D0-603A-4F1E-9D06-57C9F2598D19}.Ad-Hoc|Any CPU.ActiveCfg = Debug|Any CPU
		{3895F1D0-603A-4F1E-9D06-57C9F2598D19}.Ad-Hoc|Any CPU.Build.0 = Debug|Any CPU
		{3895F1D0-603A-4F1E-9D06-57C9F2598D19}.Ad-Hoc|ARM.ActiveCfg = Debug|Any CPU
		{3895F1D0-603A-4F1E-9D06-57C9F2598D19}.Ad-Hoc|ARM.Build.0 = Debug|Any CPU
		{3895F1D0-603A-4F1E-9D06-57C9F2598D19}.Ad-Hoc|ARM64.ActiveCfg = Release|Any CPU
		{3895F1D0-603A-4F1E-9D06-57C9F2598D19}.Ad-Hoc|ARM64.Build.0 = Release|Any CPU
		{3895F1D0-603A-4F1E-9D06-57C9F2598D19}.Ad-Hoc|iPhone.ActiveCfg = Debug|Any CPU
		{3895F1D0-603A-4F1E-9D06-57C9F2598D19}.Ad-Hoc|iPhone.Build.0 = Debug|Any CPU
		{3895F1D0-603A-4F1E-9D06-57C9F2598D19}.Ad-Hoc|iPhoneSimulator.ActiveCfg = Debug|Any CPU
		{3895F1D0-603A-4F1E-9D06-57C9F2598D19}.Ad-Hoc|iPhoneSimulator.Build.0 = Debug|Any CPU
		{3895F1D0-603A-4F1E-9D06-57C9F2598D19}.Ad-Hoc|x64.ActiveCfg = Debug|Any CPU
		{3895F1D0-603A-4F1E-9D06-57C9F2598D19}.Ad-Hoc|x64.Build.0 = Debug|Any CPU
		{3895F1D0-603A-4F1E-9D06-57C9F2598D19}.Ad-Hoc|x86.ActiveCfg = Debug|Any CPU
		{3895F1D0-603A-4F1E-9D06-57C9F2598D19}.Ad-Hoc|x86.Build.0 = Debug|Any CPU
		{3895F1D0-603A-4F1E-9D06-57C9F2598D19}.AppStore|Any CPU.ActiveCfg = Debug|Any CPU
		{3895F1D0-603A-4F1E-9D06-57C9F2598D19}.AppStore|Any CPU.Build.0 = Debug|Any CPU
		{3895F1D0-603A-4F1E-9D06-57C9F2598D19}.AppStore|ARM.ActiveCfg = Debug|Any CPU
		{3895F1D0-603A-4F1E-9D06-57C9F2598D19}.AppStore|ARM.Build.0 = Debug|Any CPU
		{3895F1D0-603A-4F1E-9D06-57C9F2598D19}.AppStore|ARM64.ActiveCfg = Release|Any CPU
		{3895F1D0-603A-4F1E-9D06-57C9F2598D19}.AppStore|ARM64.Build.0 = Release|Any CPU
		{3895F1D0-603A-4F1E-9D06-57C9F2598D19}.AppStore|iPhone.ActiveCfg = Debug|Any CPU
		{3895F1D0-603A-4F1E-9D06-57C9F2598D19}.AppStore|iPhone.Build.0 = Debug|Any CPU
		{3895F1D0-603A-4F1E-9D06-57C9F2598D19}.AppStore|iPhoneSimulator.ActiveCfg = Debug|Any CPU
		{3895F1D0-603A-4F1E-9D06-57C9F2598D19}.AppStore|iPhoneSimulator.Build.0 = Debug|Any CPU
		{3895F1D0-603A-4F1E-9D06-57C9F2598D19}.AppStore|x64.ActiveCfg = Debug|Any CPU
		{3895F1D0-603A-4F1E-9D06-57C9F2598D19}.AppStore|x64.Build.0 = Debug|Any CPU
		{3895F1D0-603A-4F1E-9D06-57C9F2598D19}.AppStore|x86.ActiveCfg = Debug|Any CPU
		{3895F1D0-603A-4F1E-9D06-57C9F2598D19}.AppStore|x86.Build.0 = Debug|Any CPU
		{3895F1D0-603A-4F1E-9D06-57C9F2598D19}.Debug|Any CPU.ActiveCfg = Debug|Any CPU
		{3895F1D0-603A-4F1E-9D06-57C9F2598D19}.Debug|Any CPU.Build.0 = Debug|Any CPU
		{3895F1D0-603A-4F1E-9D06-57C9F2598D19}.Debug|ARM.ActiveCfg = Debug|Any CPU
		{3895F1D0-603A-4F1E-9D06-57C9F2598D19}.Debug|ARM.Build.0 = Debug|Any CPU
		{3895F1D0-603A-4F1E-9D06-57C9F2598D19}.Debug|ARM64.ActiveCfg = Debug|Any CPU
		{3895F1D0-603A-4F1E-9D06-57C9F2598D19}.Debug|ARM64.Build.0 = Debug|Any CPU
		{3895F1D0-603A-4F1E-9D06-57C9F2598D19}.Debug|iPhone.ActiveCfg = Debug|Any CPU
		{3895F1D0-603A-4F1E-9D06-57C9F2598D19}.Debug|iPhone.Build.0 = Debug|Any CPU
		{3895F1D0-603A-4F1E-9D06-57C9F2598D19}.Debug|iPhoneSimulator.ActiveCfg = Debug|Any CPU
		{3895F1D0-603A-4F1E-9D06-57C9F2598D19}.Debug|iPhoneSimulator.Build.0 = Debug|Any CPU
		{3895F1D0-603A-4F1E-9D06-57C9F2598D19}.Debug|x64.ActiveCfg = Debug|Any CPU
		{3895F1D0-603A-4F1E-9D06-57C9F2598D19}.Debug|x64.Build.0 = Debug|Any CPU
		{3895F1D0-603A-4F1E-9D06-57C9F2598D19}.Debug|x86.ActiveCfg = Debug|Any CPU
		{3895F1D0-603A-4F1E-9D06-57C9F2598D19}.Debug|x86.Build.0 = Debug|Any CPU
		{3895F1D0-603A-4F1E-9D06-57C9F2598D19}.Release|Any CPU.ActiveCfg = Release|Any CPU
		{3895F1D0-603A-4F1E-9D06-57C9F2598D19}.Release|Any CPU.Build.0 = Release|Any CPU
		{3895F1D0-603A-4F1E-9D06-57C9F2598D19}.Release|ARM.ActiveCfg = Release|Any CPU
		{3895F1D0-603A-4F1E-9D06-57C9F2598D19}.Release|ARM.Build.0 = Release|Any CPU
		{3895F1D0-603A-4F1E-9D06-57C9F2598D19}.Release|ARM64.ActiveCfg = Release|Any CPU
		{3895F1D0-603A-4F1E-9D06-57C9F2598D19}.Release|ARM64.Build.0 = Release|Any CPU
		{3895F1D0-603A-4F1E-9D06-57C9F2598D19}.Release|iPhone.ActiveCfg = Release|Any CPU
		{3895F1D0-603A-4F1E-9D06-57C9F2598D19}.Release|iPhone.Build.0 = Release|Any CPU
		{3895F1D0-603A-4F1E-9D06-57C9F2598D19}.Release|iPhoneSimulator.ActiveCfg = Release|Any CPU
		{3895F1D0-603A-4F1E-9D06-57C9F2598D19}.Release|iPhoneSimulator.Build.0 = Release|Any CPU
		{3895F1D0-603A-4F1E-9D06-57C9F2598D19}.Release|x64.ActiveCfg = Release|Any CPU
		{3895F1D0-603A-4F1E-9D06-57C9F2598D19}.Release|x64.Build.0 = Release|Any CPU
		{3895F1D0-603A-4F1E-9D06-57C9F2598D19}.Release|x86.ActiveCfg = Release|Any CPU
		{3895F1D0-603A-4F1E-9D06-57C9F2598D19}.Release|x86.Build.0 = Release|Any CPU
		{46F68167-689A-4E9D-AB7C-6EAE8B5CA0D2}.Ad-Hoc|Any CPU.ActiveCfg = Debug|Any CPU
		{46F68167-689A-4E9D-AB7C-6EAE8B5CA0D2}.Ad-Hoc|Any CPU.Build.0 = Debug|Any CPU
		{46F68167-689A-4E9D-AB7C-6EAE8B5CA0D2}.Ad-Hoc|ARM.ActiveCfg = Debug|Any CPU
		{46F68167-689A-4E9D-AB7C-6EAE8B5CA0D2}.Ad-Hoc|ARM.Build.0 = Debug|Any CPU
		{46F68167-689A-4E9D-AB7C-6EAE8B5CA0D2}.Ad-Hoc|ARM64.ActiveCfg = Release|Any CPU
		{46F68167-689A-4E9D-AB7C-6EAE8B5CA0D2}.Ad-Hoc|ARM64.Build.0 = Release|Any CPU
		{46F68167-689A-4E9D-AB7C-6EAE8B5CA0D2}.Ad-Hoc|iPhone.ActiveCfg = Debug|Any CPU
		{46F68167-689A-4E9D-AB7C-6EAE8B5CA0D2}.Ad-Hoc|iPhone.Build.0 = Debug|Any CPU
		{46F68167-689A-4E9D-AB7C-6EAE8B5CA0D2}.Ad-Hoc|iPhoneSimulator.ActiveCfg = Debug|Any CPU
		{46F68167-689A-4E9D-AB7C-6EAE8B5CA0D2}.Ad-Hoc|iPhoneSimulator.Build.0 = Debug|Any CPU
		{46F68167-689A-4E9D-AB7C-6EAE8B5CA0D2}.Ad-Hoc|x64.ActiveCfg = Debug|Any CPU
		{46F68167-689A-4E9D-AB7C-6EAE8B5CA0D2}.Ad-Hoc|x64.Build.0 = Debug|Any CPU
		{46F68167-689A-4E9D-AB7C-6EAE8B5CA0D2}.Ad-Hoc|x86.ActiveCfg = Debug|Any CPU
		{46F68167-689A-4E9D-AB7C-6EAE8B5CA0D2}.Ad-Hoc|x86.Build.0 = Debug|Any CPU
		{46F68167-689A-4E9D-AB7C-6EAE8B5CA0D2}.AppStore|Any CPU.ActiveCfg = Debug|Any CPU
		{46F68167-689A-4E9D-AB7C-6EAE8B5CA0D2}.AppStore|Any CPU.Build.0 = Debug|Any CPU
		{46F68167-689A-4E9D-AB7C-6EAE8B5CA0D2}.AppStore|ARM.ActiveCfg = Debug|Any CPU
		{46F68167-689A-4E9D-AB7C-6EAE8B5CA0D2}.AppStore|ARM.Build.0 = Debug|Any CPU
		{46F68167-689A-4E9D-AB7C-6EAE8B5CA0D2}.AppStore|ARM64.ActiveCfg = Release|Any CPU
		{46F68167-689A-4E9D-AB7C-6EAE8B5CA0D2}.AppStore|ARM64.Build.0 = Release|Any CPU
		{46F68167-689A-4E9D-AB7C-6EAE8B5CA0D2}.AppStore|iPhone.ActiveCfg = Debug|Any CPU
		{46F68167-689A-4E9D-AB7C-6EAE8B5CA0D2}.AppStore|iPhone.Build.0 = Debug|Any CPU
		{46F68167-689A-4E9D-AB7C-6EAE8B5CA0D2}.AppStore|iPhoneSimulator.ActiveCfg = Debug|Any CPU
		{46F68167-689A-4E9D-AB7C-6EAE8B5CA0D2}.AppStore|iPhoneSimulator.Build.0 = Debug|Any CPU
		{46F68167-689A-4E9D-AB7C-6EAE8B5CA0D2}.AppStore|x64.ActiveCfg = Debug|Any CPU
		{46F68167-689A-4E9D-AB7C-6EAE8B5CA0D2}.AppStore|x64.Build.0 = Debug|Any CPU
		{46F68167-689A-4E9D-AB7C-6EAE8B5CA0D2}.AppStore|x86.ActiveCfg = Debug|Any CPU
		{46F68167-689A-4E9D-AB7C-6EAE8B5CA0D2}.AppStore|x86.Build.0 = Debug|Any CPU
		{46F68167-689A-4E9D-AB7C-6EAE8B5CA0D2}.Debug|Any CPU.ActiveCfg = Debug|Any CPU
		{46F68167-689A-4E9D-AB7C-6EAE8B5CA0D2}.Debug|Any CPU.Build.0 = Debug|Any CPU
		{46F68167-689A-4E9D-AB7C-6EAE8B5CA0D2}.Debug|ARM.ActiveCfg = Debug|Any CPU
		{46F68167-689A-4E9D-AB7C-6EAE8B5CA0D2}.Debug|ARM.Build.0 = Debug|Any CPU
		{46F68167-689A-4E9D-AB7C-6EAE8B5CA0D2}.Debug|ARM64.ActiveCfg = Debug|Any CPU
		{46F68167-689A-4E9D-AB7C-6EAE8B5CA0D2}.Debug|ARM64.Build.0 = Debug|Any CPU
		{46F68167-689A-4E9D-AB7C-6EAE8B5CA0D2}.Debug|iPhone.ActiveCfg = Debug|Any CPU
		{46F68167-689A-4E9D-AB7C-6EAE8B5CA0D2}.Debug|iPhone.Build.0 = Debug|Any CPU
		{46F68167-689A-4E9D-AB7C-6EAE8B5CA0D2}.Debug|iPhoneSimulator.ActiveCfg = Debug|Any CPU
		{46F68167-689A-4E9D-AB7C-6EAE8B5CA0D2}.Debug|iPhoneSimulator.Build.0 = Debug|Any CPU
		{46F68167-689A-4E9D-AB7C-6EAE8B5CA0D2}.Debug|x64.ActiveCfg = Debug|Any CPU
		{46F68167-689A-4E9D-AB7C-6EAE8B5CA0D2}.Debug|x64.Build.0 = Debug|Any CPU
		{46F68167-689A-4E9D-AB7C-6EAE8B5CA0D2}.Debug|x86.ActiveCfg = Debug|Any CPU
		{46F68167-689A-4E9D-AB7C-6EAE8B5CA0D2}.Debug|x86.Build.0 = Debug|Any CPU
		{46F68167-689A-4E9D-AB7C-6EAE8B5CA0D2}.Release|Any CPU.ActiveCfg = Release|Any CPU
		{46F68167-689A-4E9D-AB7C-6EAE8B5CA0D2}.Release|Any CPU.Build.0 = Release|Any CPU
		{46F68167-689A-4E9D-AB7C-6EAE8B5CA0D2}.Release|ARM.ActiveCfg = Release|Any CPU
		{46F68167-689A-4E9D-AB7C-6EAE8B5CA0D2}.Release|ARM.Build.0 = Release|Any CPU
		{46F68167-689A-4E9D-AB7C-6EAE8B5CA0D2}.Release|ARM64.ActiveCfg = Release|Any CPU
		{46F68167-689A-4E9D-AB7C-6EAE8B5CA0D2}.Release|ARM64.Build.0 = Release|Any CPU
		{46F68167-689A-4E9D-AB7C-6EAE8B5CA0D2}.Release|iPhone.ActiveCfg = Release|Any CPU
		{46F68167-689A-4E9D-AB7C-6EAE8B5CA0D2}.Release|iPhone.Build.0 = Release|Any CPU
		{46F68167-689A-4E9D-AB7C-6EAE8B5CA0D2}.Release|iPhoneSimulator.ActiveCfg = Release|Any CPU
		{46F68167-689A-4E9D-AB7C-6EAE8B5CA0D2}.Release|iPhoneSimulator.Build.0 = Release|Any CPU
		{46F68167-689A-4E9D-AB7C-6EAE8B5CA0D2}.Release|x64.ActiveCfg = Release|Any CPU
		{46F68167-689A-4E9D-AB7C-6EAE8B5CA0D2}.Release|x64.Build.0 = Release|Any CPU
		{46F68167-689A-4E9D-AB7C-6EAE8B5CA0D2}.Release|x86.ActiveCfg = Release|Any CPU
		{46F68167-689A-4E9D-AB7C-6EAE8B5CA0D2}.Release|x86.Build.0 = Release|Any CPU
		{5F28CADE-009D-4D33-BBCE-BEED0E7839E0}.Ad-Hoc|Any CPU.ActiveCfg = Debug|Any CPU
		{5F28CADE-009D-4D33-BBCE-BEED0E7839E0}.Ad-Hoc|Any CPU.Build.0 = Debug|Any CPU
		{5F28CADE-009D-4D33-BBCE-BEED0E7839E0}.Ad-Hoc|ARM.ActiveCfg = Debug|Any CPU
		{5F28CADE-009D-4D33-BBCE-BEED0E7839E0}.Ad-Hoc|ARM.Build.0 = Debug|Any CPU
		{5F28CADE-009D-4D33-BBCE-BEED0E7839E0}.Ad-Hoc|ARM64.ActiveCfg = Release|Any CPU
		{5F28CADE-009D-4D33-BBCE-BEED0E7839E0}.Ad-Hoc|ARM64.Build.0 = Release|Any CPU
		{5F28CADE-009D-4D33-BBCE-BEED0E7839E0}.Ad-Hoc|iPhone.ActiveCfg = Debug|Any CPU
		{5F28CADE-009D-4D33-BBCE-BEED0E7839E0}.Ad-Hoc|iPhone.Build.0 = Debug|Any CPU
		{5F28CADE-009D-4D33-BBCE-BEED0E7839E0}.Ad-Hoc|iPhoneSimulator.ActiveCfg = Debug|Any CPU
		{5F28CADE-009D-4D33-BBCE-BEED0E7839E0}.Ad-Hoc|iPhoneSimulator.Build.0 = Debug|Any CPU
		{5F28CADE-009D-4D33-BBCE-BEED0E7839E0}.Ad-Hoc|x64.ActiveCfg = Debug|Any CPU
		{5F28CADE-009D-4D33-BBCE-BEED0E7839E0}.Ad-Hoc|x64.Build.0 = Debug|Any CPU
		{5F28CADE-009D-4D33-BBCE-BEED0E7839E0}.Ad-Hoc|x86.ActiveCfg = Debug|Any CPU
		{5F28CADE-009D-4D33-BBCE-BEED0E7839E0}.Ad-Hoc|x86.Build.0 = Debug|Any CPU
		{5F28CADE-009D-4D33-BBCE-BEED0E7839E0}.AppStore|Any CPU.ActiveCfg = Debug|Any CPU
		{5F28CADE-009D-4D33-BBCE-BEED0E7839E0}.AppStore|Any CPU.Build.0 = Debug|Any CPU
		{5F28CADE-009D-4D33-BBCE-BEED0E7839E0}.AppStore|ARM.ActiveCfg = Debug|Any CPU
		{5F28CADE-009D-4D33-BBCE-BEED0E7839E0}.AppStore|ARM.Build.0 = Debug|Any CPU
		{5F28CADE-009D-4D33-BBCE-BEED0E7839E0}.AppStore|ARM64.ActiveCfg = Release|Any CPU
		{5F28CADE-009D-4D33-BBCE-BEED0E7839E0}.AppStore|ARM64.Build.0 = Release|Any CPU
		{5F28CADE-009D-4D33-BBCE-BEED0E7839E0}.AppStore|iPhone.ActiveCfg = Debug|Any CPU
		{5F28CADE-009D-4D33-BBCE-BEED0E7839E0}.AppStore|iPhone.Build.0 = Debug|Any CPU
		{5F28CADE-009D-4D33-BBCE-BEED0E7839E0}.AppStore|iPhoneSimulator.ActiveCfg = Debug|Any CPU
		{5F28CADE-009D-4D33-BBCE-BEED0E7839E0}.AppStore|iPhoneSimulator.Build.0 = Debug|Any CPU
		{5F28CADE-009D-4D33-BBCE-BEED0E7839E0}.AppStore|x64.ActiveCfg = Debug|Any CPU
		{5F28CADE-009D-4D33-BBCE-BEED0E7839E0}.AppStore|x64.Build.0 = Debug|Any CPU
		{5F28CADE-009D-4D33-BBCE-BEED0E7839E0}.AppStore|x86.ActiveCfg = Debug|Any CPU
		{5F28CADE-009D-4D33-BBCE-BEED0E7839E0}.AppStore|x86.Build.0 = Debug|Any CPU
		{5F28CADE-009D-4D33-BBCE-BEED0E7839E0}.Debug|Any CPU.ActiveCfg = Debug|Any CPU
		{5F28CADE-009D-4D33-BBCE-BEED0E7839E0}.Debug|Any CPU.Build.0 = Debug|Any CPU
		{5F28CADE-009D-4D33-BBCE-BEED0E7839E0}.Debug|ARM.ActiveCfg = Debug|Any CPU
		{5F28CADE-009D-4D33-BBCE-BEED0E7839E0}.Debug|ARM.Build.0 = Debug|Any CPU
		{5F28CADE-009D-4D33-BBCE-BEED0E7839E0}.Debug|ARM64.ActiveCfg = Debug|Any CPU
		{5F28CADE-009D-4D33-BBCE-BEED0E7839E0}.Debug|ARM64.Build.0 = Debug|Any CPU
		{5F28CADE-009D-4D33-BBCE-BEED0E7839E0}.Debug|iPhone.ActiveCfg = Debug|Any CPU
		{5F28CADE-009D-4D33-BBCE-BEED0E7839E0}.Debug|iPhone.Build.0 = Debug|Any CPU
		{5F28CADE-009D-4D33-BBCE-BEED0E7839E0}.Debug|iPhoneSimulator.ActiveCfg = Debug|Any CPU
		{5F28CADE-009D-4D33-BBCE-BEED0E7839E0}.Debug|iPhoneSimulator.Build.0 = Debug|Any CPU
		{5F28CADE-009D-4D33-BBCE-BEED0E7839E0}.Debug|x64.ActiveCfg = Debug|Any CPU
		{5F28CADE-009D-4D33-BBCE-BEED0E7839E0}.Debug|x64.Build.0 = Debug|Any CPU
		{5F28CADE-009D-4D33-BBCE-BEED0E7839E0}.Debug|x86.ActiveCfg = Debug|Any CPU
		{5F28CADE-009D-4D33-BBCE-BEED0E7839E0}.Debug|x86.Build.0 = Debug|Any CPU
		{5F28CADE-009D-4D33-BBCE-BEED0E7839E0}.Release|Any CPU.ActiveCfg = Release|Any CPU
		{5F28CADE-009D-4D33-BBCE-BEED0E7839E0}.Release|Any CPU.Build.0 = Release|Any CPU
		{5F28CADE-009D-4D33-BBCE-BEED0E7839E0}.Release|ARM.ActiveCfg = Release|Any CPU
		{5F28CADE-009D-4D33-BBCE-BEED0E7839E0}.Release|ARM.Build.0 = Release|Any CPU
		{5F28CADE-009D-4D33-BBCE-BEED0E7839E0}.Release|ARM64.ActiveCfg = Release|Any CPU
		{5F28CADE-009D-4D33-BBCE-BEED0E7839E0}.Release|ARM64.Build.0 = Release|Any CPU
		{5F28CADE-009D-4D33-BBCE-BEED0E7839E0}.Release|iPhone.ActiveCfg = Release|Any CPU
		{5F28CADE-009D-4D33-BBCE-BEED0E7839E0}.Release|iPhone.Build.0 = Release|Any CPU
		{5F28CADE-009D-4D33-BBCE-BEED0E7839E0}.Release|iPhoneSimulator.ActiveCfg = Release|Any CPU
		{5F28CADE-009D-4D33-BBCE-BEED0E7839E0}.Release|iPhoneSimulator.Build.0 = Release|Any CPU
		{5F28CADE-009D-4D33-BBCE-BEED0E7839E0}.Release|x64.ActiveCfg = Release|Any CPU
		{5F28CADE-009D-4D33-BBCE-BEED0E7839E0}.Release|x64.Build.0 = Release|Any CPU
		{5F28CADE-009D-4D33-BBCE-BEED0E7839E0}.Release|x86.ActiveCfg = Release|Any CPU
		{5F28CADE-009D-4D33-BBCE-BEED0E7839E0}.Release|x86.Build.0 = Release|Any CPU
		{444074A5-4014-4AF4-92FF-9801C8DFF7FC}.Ad-Hoc|Any CPU.ActiveCfg = Debug|Any CPU
		{444074A5-4014-4AF4-92FF-9801C8DFF7FC}.Ad-Hoc|Any CPU.Build.0 = Debug|Any CPU
		{444074A5-4014-4AF4-92FF-9801C8DFF7FC}.Ad-Hoc|ARM.ActiveCfg = Debug|Any CPU
		{444074A5-4014-4AF4-92FF-9801C8DFF7FC}.Ad-Hoc|ARM.Build.0 = Debug|Any CPU
		{444074A5-4014-4AF4-92FF-9801C8DFF7FC}.Ad-Hoc|ARM64.ActiveCfg = Release|Any CPU
		{444074A5-4014-4AF4-92FF-9801C8DFF7FC}.Ad-Hoc|ARM64.Build.0 = Release|Any CPU
		{444074A5-4014-4AF4-92FF-9801C8DFF7FC}.Ad-Hoc|iPhone.ActiveCfg = Debug|Any CPU
		{444074A5-4014-4AF4-92FF-9801C8DFF7FC}.Ad-Hoc|iPhone.Build.0 = Debug|Any CPU
		{444074A5-4014-4AF4-92FF-9801C8DFF7FC}.Ad-Hoc|iPhoneSimulator.ActiveCfg = Debug|Any CPU
		{444074A5-4014-4AF4-92FF-9801C8DFF7FC}.Ad-Hoc|iPhoneSimulator.Build.0 = Debug|Any CPU
		{444074A5-4014-4AF4-92FF-9801C8DFF7FC}.Ad-Hoc|x64.ActiveCfg = Debug|Any CPU
		{444074A5-4014-4AF4-92FF-9801C8DFF7FC}.Ad-Hoc|x64.Build.0 = Debug|Any CPU
		{444074A5-4014-4AF4-92FF-9801C8DFF7FC}.Ad-Hoc|x86.ActiveCfg = Debug|Any CPU
		{444074A5-4014-4AF4-92FF-9801C8DFF7FC}.Ad-Hoc|x86.Build.0 = Debug|Any CPU
		{444074A5-4014-4AF4-92FF-9801C8DFF7FC}.AppStore|Any CPU.ActiveCfg = Debug|Any CPU
		{444074A5-4014-4AF4-92FF-9801C8DFF7FC}.AppStore|Any CPU.Build.0 = Debug|Any CPU
		{444074A5-4014-4AF4-92FF-9801C8DFF7FC}.AppStore|ARM.ActiveCfg = Debug|Any CPU
		{444074A5-4014-4AF4-92FF-9801C8DFF7FC}.AppStore|ARM.Build.0 = Debug|Any CPU
		{444074A5-4014-4AF4-92FF-9801C8DFF7FC}.AppStore|ARM64.ActiveCfg = Release|Any CPU
		{444074A5-4014-4AF4-92FF-9801C8DFF7FC}.AppStore|ARM64.Build.0 = Release|Any CPU
		{444074A5-4014-4AF4-92FF-9801C8DFF7FC}.AppStore|iPhone.ActiveCfg = Debug|Any CPU
		{444074A5-4014-4AF4-92FF-9801C8DFF7FC}.AppStore|iPhone.Build.0 = Debug|Any CPU
		{444074A5-4014-4AF4-92FF-9801C8DFF7FC}.AppStore|iPhoneSimulator.ActiveCfg = Debug|Any CPU
		{444074A5-4014-4AF4-92FF-9801C8DFF7FC}.AppStore|iPhoneSimulator.Build.0 = Debug|Any CPU
		{444074A5-4014-4AF4-92FF-9801C8DFF7FC}.AppStore|x64.ActiveCfg = Debug|Any CPU
		{444074A5-4014-4AF4-92FF-9801C8DFF7FC}.AppStore|x64.Build.0 = Debug|Any CPU
		{444074A5-4014-4AF4-92FF-9801C8DFF7FC}.AppStore|x86.ActiveCfg = Debug|Any CPU
		{444074A5-4014-4AF4-92FF-9801C8DFF7FC}.AppStore|x86.Build.0 = Debug|Any CPU
		{444074A5-4014-4AF4-92FF-9801C8DFF7FC}.Debug|Any CPU.ActiveCfg = Debug|Any CPU
		{444074A5-4014-4AF4-92FF-9801C8DFF7FC}.Debug|Any CPU.Build.0 = Debug|Any CPU
		{444074A5-4014-4AF4-92FF-9801C8DFF7FC}.Debug|ARM.ActiveCfg = Debug|Any CPU
		{444074A5-4014-4AF4-92FF-9801C8DFF7FC}.Debug|ARM.Build.0 = Debug|Any CPU
		{444074A5-4014-4AF4-92FF-9801C8DFF7FC}.Debug|ARM64.ActiveCfg = Debug|Any CPU
		{444074A5-4014-4AF4-92FF-9801C8DFF7FC}.Debug|ARM64.Build.0 = Debug|Any CPU
		{444074A5-4014-4AF4-92FF-9801C8DFF7FC}.Debug|iPhone.ActiveCfg = Debug|Any CPU
		{444074A5-4014-4AF4-92FF-9801C8DFF7FC}.Debug|iPhone.Build.0 = Debug|Any CPU
		{444074A5-4014-4AF4-92FF-9801C8DFF7FC}.Debug|iPhoneSimulator.ActiveCfg = Debug|Any CPU
		{444074A5-4014-4AF4-92FF-9801C8DFF7FC}.Debug|iPhoneSimulator.Build.0 = Debug|Any CPU
		{444074A5-4014-4AF4-92FF-9801C8DFF7FC}.Debug|x64.ActiveCfg = Debug|Any CPU
		{444074A5-4014-4AF4-92FF-9801C8DFF7FC}.Debug|x64.Build.0 = Debug|Any CPU
		{444074A5-4014-4AF4-92FF-9801C8DFF7FC}.Debug|x86.ActiveCfg = Debug|Any CPU
		{444074A5-4014-4AF4-92FF-9801C8DFF7FC}.Debug|x86.Build.0 = Debug|Any CPU
		{444074A5-4014-4AF4-92FF-9801C8DFF7FC}.Release|Any CPU.ActiveCfg = Release|Any CPU
		{444074A5-4014-4AF4-92FF-9801C8DFF7FC}.Release|Any CPU.Build.0 = Release|Any CPU
		{444074A5-4014-4AF4-92FF-9801C8DFF7FC}.Release|ARM.ActiveCfg = Release|Any CPU
		{444074A5-4014-4AF4-92FF-9801C8DFF7FC}.Release|ARM.Build.0 = Release|Any CPU
		{444074A5-4014-4AF4-92FF-9801C8DFF7FC}.Release|ARM64.ActiveCfg = Release|Any CPU
		{444074A5-4014-4AF4-92FF-9801C8DFF7FC}.Release|ARM64.Build.0 = Release|Any CPU
		{444074A5-4014-4AF4-92FF-9801C8DFF7FC}.Release|iPhone.ActiveCfg = Release|Any CPU
		{444074A5-4014-4AF4-92FF-9801C8DFF7FC}.Release|iPhone.Build.0 = Release|Any CPU
		{444074A5-4014-4AF4-92FF-9801C8DFF7FC}.Release|iPhoneSimulator.ActiveCfg = Release|Any CPU
		{444074A5-4014-4AF4-92FF-9801C8DFF7FC}.Release|iPhoneSimulator.Build.0 = Release|Any CPU
		{444074A5-4014-4AF4-92FF-9801C8DFF7FC}.Release|x64.ActiveCfg = Release|Any CPU
		{444074A5-4014-4AF4-92FF-9801C8DFF7FC}.Release|x64.Build.0 = Release|Any CPU
		{444074A5-4014-4AF4-92FF-9801C8DFF7FC}.Release|x86.ActiveCfg = Release|Any CPU
		{444074A5-4014-4AF4-92FF-9801C8DFF7FC}.Release|x86.Build.0 = Release|Any CPU
		{70392AD2-C03C-4221-88D4-BED1AFA6EB3A}.Ad-Hoc|Any CPU.ActiveCfg = Debug|Any CPU
		{70392AD2-C03C-4221-88D4-BED1AFA6EB3A}.Ad-Hoc|Any CPU.Build.0 = Debug|Any CPU
		{70392AD2-C03C-4221-88D4-BED1AFA6EB3A}.Ad-Hoc|ARM.ActiveCfg = Debug|Any CPU
		{70392AD2-C03C-4221-88D4-BED1AFA6EB3A}.Ad-Hoc|ARM.Build.0 = Debug|Any CPU
		{70392AD2-C03C-4221-88D4-BED1AFA6EB3A}.Ad-Hoc|ARM64.ActiveCfg = Release|Any CPU
		{70392AD2-C03C-4221-88D4-BED1AFA6EB3A}.Ad-Hoc|ARM64.Build.0 = Release|Any CPU
		{70392AD2-C03C-4221-88D4-BED1AFA6EB3A}.Ad-Hoc|iPhone.ActiveCfg = Debug|Any CPU
		{70392AD2-C03C-4221-88D4-BED1AFA6EB3A}.Ad-Hoc|iPhone.Build.0 = Debug|Any CPU
		{70392AD2-C03C-4221-88D4-BED1AFA6EB3A}.Ad-Hoc|iPhoneSimulator.ActiveCfg = Debug|Any CPU
		{70392AD2-C03C-4221-88D4-BED1AFA6EB3A}.Ad-Hoc|iPhoneSimulator.Build.0 = Debug|Any CPU
		{70392AD2-C03C-4221-88D4-BED1AFA6EB3A}.Ad-Hoc|x64.ActiveCfg = Debug|Any CPU
		{70392AD2-C03C-4221-88D4-BED1AFA6EB3A}.Ad-Hoc|x64.Build.0 = Debug|Any CPU
		{70392AD2-C03C-4221-88D4-BED1AFA6EB3A}.Ad-Hoc|x86.ActiveCfg = Debug|Any CPU
		{70392AD2-C03C-4221-88D4-BED1AFA6EB3A}.Ad-Hoc|x86.Build.0 = Debug|Any CPU
		{70392AD2-C03C-4221-88D4-BED1AFA6EB3A}.AppStore|Any CPU.ActiveCfg = Debug|Any CPU
		{70392AD2-C03C-4221-88D4-BED1AFA6EB3A}.AppStore|Any CPU.Build.0 = Debug|Any CPU
		{70392AD2-C03C-4221-88D4-BED1AFA6EB3A}.AppStore|ARM.ActiveCfg = Debug|Any CPU
		{70392AD2-C03C-4221-88D4-BED1AFA6EB3A}.AppStore|ARM.Build.0 = Debug|Any CPU
		{70392AD2-C03C-4221-88D4-BED1AFA6EB3A}.AppStore|ARM64.ActiveCfg = Release|Any CPU
		{70392AD2-C03C-4221-88D4-BED1AFA6EB3A}.AppStore|ARM64.Build.0 = Release|Any CPU
		{70392AD2-C03C-4221-88D4-BED1AFA6EB3A}.AppStore|iPhone.ActiveCfg = Debug|Any CPU
		{70392AD2-C03C-4221-88D4-BED1AFA6EB3A}.AppStore|iPhone.Build.0 = Debug|Any CPU
		{70392AD2-C03C-4221-88D4-BED1AFA6EB3A}.AppStore|iPhoneSimulator.ActiveCfg = Debug|Any CPU
		{70392AD2-C03C-4221-88D4-BED1AFA6EB3A}.AppStore|iPhoneSimulator.Build.0 = Debug|Any CPU
		{70392AD2-C03C-4221-88D4-BED1AFA6EB3A}.AppStore|x64.ActiveCfg = Debug|Any CPU
		{70392AD2-C03C-4221-88D4-BED1AFA6EB3A}.AppStore|x64.Build.0 = Debug|Any CPU
		{70392AD2-C03C-4221-88D4-BED1AFA6EB3A}.AppStore|x86.ActiveCfg = Debug|Any CPU
		{70392AD2-C03C-4221-88D4-BED1AFA6EB3A}.AppStore|x86.Build.0 = Debug|Any CPU
		{70392AD2-C03C-4221-88D4-BED1AFA6EB3A}.Debug|Any CPU.ActiveCfg = Debug|Any CPU
		{70392AD2-C03C-4221-88D4-BED1AFA6EB3A}.Debug|Any CPU.Build.0 = Debug|Any CPU
		{70392AD2-C03C-4221-88D4-BED1AFA6EB3A}.Debug|ARM.ActiveCfg = Debug|Any CPU
		{70392AD2-C03C-4221-88D4-BED1AFA6EB3A}.Debug|ARM.Build.0 = Debug|Any CPU
		{70392AD2-C03C-4221-88D4-BED1AFA6EB3A}.Debug|ARM64.ActiveCfg = Debug|Any CPU
		{70392AD2-C03C-4221-88D4-BED1AFA6EB3A}.Debug|ARM64.Build.0 = Debug|Any CPU
		{70392AD2-C03C-4221-88D4-BED1AFA6EB3A}.Debug|iPhone.ActiveCfg = Debug|Any CPU
		{70392AD2-C03C-4221-88D4-BED1AFA6EB3A}.Debug|iPhone.Build.0 = Debug|Any CPU
		{70392AD2-C03C-4221-88D4-BED1AFA6EB3A}.Debug|iPhoneSimulator.ActiveCfg = Debug|Any CPU
		{70392AD2-C03C-4221-88D4-BED1AFA6EB3A}.Debug|iPhoneSimulator.Build.0 = Debug|Any CPU
		{70392AD2-C03C-4221-88D4-BED1AFA6EB3A}.Debug|x64.ActiveCfg = Debug|Any CPU
		{70392AD2-C03C-4221-88D4-BED1AFA6EB3A}.Debug|x64.Build.0 = Debug|Any CPU
		{70392AD2-C03C-4221-88D4-BED1AFA6EB3A}.Debug|x86.ActiveCfg = Debug|Any CPU
		{70392AD2-C03C-4221-88D4-BED1AFA6EB3A}.Debug|x86.Build.0 = Debug|Any CPU
		{70392AD2-C03C-4221-88D4-BED1AFA6EB3A}.Release|Any CPU.ActiveCfg = Release|Any CPU
		{70392AD2-C03C-4221-88D4-BED1AFA6EB3A}.Release|Any CPU.Build.0 = Release|Any CPU
		{70392AD2-C03C-4221-88D4-BED1AFA6EB3A}.Release|ARM.ActiveCfg = Release|Any CPU
		{70392AD2-C03C-4221-88D4-BED1AFA6EB3A}.Release|ARM.Build.0 = Release|Any CPU
		{70392AD2-C03C-4221-88D4-BED1AFA6EB3A}.Release|ARM64.ActiveCfg = Release|Any CPU
		{70392AD2-C03C-4221-88D4-BED1AFA6EB3A}.Release|ARM64.Build.0 = Release|Any CPU
		{70392AD2-C03C-4221-88D4-BED1AFA6EB3A}.Release|iPhone.ActiveCfg = Release|Any CPU
		{70392AD2-C03C-4221-88D4-BED1AFA6EB3A}.Release|iPhone.Build.0 = Release|Any CPU
		{70392AD2-C03C-4221-88D4-BED1AFA6EB3A}.Release|iPhoneSimulator.ActiveCfg = Release|Any CPU
		{70392AD2-C03C-4221-88D4-BED1AFA6EB3A}.Release|iPhoneSimulator.Build.0 = Release|Any CPU
		{70392AD2-C03C-4221-88D4-BED1AFA6EB3A}.Release|x64.ActiveCfg = Release|Any CPU
		{70392AD2-C03C-4221-88D4-BED1AFA6EB3A}.Release|x64.Build.0 = Release|Any CPU
		{70392AD2-C03C-4221-88D4-BED1AFA6EB3A}.Release|x86.ActiveCfg = Release|Any CPU
		{70392AD2-C03C-4221-88D4-BED1AFA6EB3A}.Release|x86.Build.0 = Release|Any CPU
		{7046DFF3-1425-4EC5-BEE2-904143865D34}.Ad-Hoc|Any CPU.ActiveCfg = Debug|Any CPU
		{7046DFF3-1425-4EC5-BEE2-904143865D34}.Ad-Hoc|Any CPU.Build.0 = Debug|Any CPU
		{7046DFF3-1425-4EC5-BEE2-904143865D34}.Ad-Hoc|Any CPU.Deploy.0 = Debug|Any CPU
		{7046DFF3-1425-4EC5-BEE2-904143865D34}.Ad-Hoc|ARM.ActiveCfg = Debug|Any CPU
		{7046DFF3-1425-4EC5-BEE2-904143865D34}.Ad-Hoc|ARM.Build.0 = Debug|Any CPU
		{7046DFF3-1425-4EC5-BEE2-904143865D34}.Ad-Hoc|ARM.Deploy.0 = Debug|Any CPU
		{7046DFF3-1425-4EC5-BEE2-904143865D34}.Ad-Hoc|ARM64.ActiveCfg = Release|Any CPU
		{7046DFF3-1425-4EC5-BEE2-904143865D34}.Ad-Hoc|ARM64.Build.0 = Release|Any CPU
		{7046DFF3-1425-4EC5-BEE2-904143865D34}.Ad-Hoc|ARM64.Deploy.0 = Release|Any CPU
		{7046DFF3-1425-4EC5-BEE2-904143865D34}.Ad-Hoc|iPhone.ActiveCfg = Debug|Any CPU
		{7046DFF3-1425-4EC5-BEE2-904143865D34}.Ad-Hoc|iPhone.Build.0 = Debug|Any CPU
		{7046DFF3-1425-4EC5-BEE2-904143865D34}.Ad-Hoc|iPhone.Deploy.0 = Debug|Any CPU
		{7046DFF3-1425-4EC5-BEE2-904143865D34}.Ad-Hoc|iPhoneSimulator.ActiveCfg = Debug|Any CPU
		{7046DFF3-1425-4EC5-BEE2-904143865D34}.Ad-Hoc|iPhoneSimulator.Build.0 = Debug|Any CPU
		{7046DFF3-1425-4EC5-BEE2-904143865D34}.Ad-Hoc|iPhoneSimulator.Deploy.0 = Debug|Any CPU
		{7046DFF3-1425-4EC5-BEE2-904143865D34}.Ad-Hoc|x64.ActiveCfg = Debug|Any CPU
		{7046DFF3-1425-4EC5-BEE2-904143865D34}.Ad-Hoc|x64.Build.0 = Debug|Any CPU
		{7046DFF3-1425-4EC5-BEE2-904143865D34}.Ad-Hoc|x64.Deploy.0 = Debug|Any CPU
		{7046DFF3-1425-4EC5-BEE2-904143865D34}.Ad-Hoc|x86.ActiveCfg = Debug|Any CPU
		{7046DFF3-1425-4EC5-BEE2-904143865D34}.Ad-Hoc|x86.Build.0 = Debug|Any CPU
		{7046DFF3-1425-4EC5-BEE2-904143865D34}.Ad-Hoc|x86.Deploy.0 = Debug|Any CPU
		{7046DFF3-1425-4EC5-BEE2-904143865D34}.AppStore|Any CPU.ActiveCfg = Debug|Any CPU
		{7046DFF3-1425-4EC5-BEE2-904143865D34}.AppStore|Any CPU.Build.0 = Debug|Any CPU
		{7046DFF3-1425-4EC5-BEE2-904143865D34}.AppStore|Any CPU.Deploy.0 = Debug|Any CPU
		{7046DFF3-1425-4EC5-BEE2-904143865D34}.AppStore|ARM.ActiveCfg = Debug|Any CPU
		{7046DFF3-1425-4EC5-BEE2-904143865D34}.AppStore|ARM.Build.0 = Debug|Any CPU
		{7046DFF3-1425-4EC5-BEE2-904143865D34}.AppStore|ARM.Deploy.0 = Debug|Any CPU
		{7046DFF3-1425-4EC5-BEE2-904143865D34}.AppStore|ARM64.ActiveCfg = Release|Any CPU
		{7046DFF3-1425-4EC5-BEE2-904143865D34}.AppStore|ARM64.Build.0 = Release|Any CPU
		{7046DFF3-1425-4EC5-BEE2-904143865D34}.AppStore|ARM64.Deploy.0 = Release|Any CPU
		{7046DFF3-1425-4EC5-BEE2-904143865D34}.AppStore|iPhone.ActiveCfg = Debug|Any CPU
		{7046DFF3-1425-4EC5-BEE2-904143865D34}.AppStore|iPhone.Build.0 = Debug|Any CPU
		{7046DFF3-1425-4EC5-BEE2-904143865D34}.AppStore|iPhone.Deploy.0 = Debug|Any CPU
		{7046DFF3-1425-4EC5-BEE2-904143865D34}.AppStore|iPhoneSimulator.ActiveCfg = Debug|Any CPU
		{7046DFF3-1425-4EC5-BEE2-904143865D34}.AppStore|iPhoneSimulator.Build.0 = Debug|Any CPU
		{7046DFF3-1425-4EC5-BEE2-904143865D34}.AppStore|iPhoneSimulator.Deploy.0 = Debug|Any CPU
		{7046DFF3-1425-4EC5-BEE2-904143865D34}.AppStore|x64.ActiveCfg = Debug|Any CPU
		{7046DFF3-1425-4EC5-BEE2-904143865D34}.AppStore|x64.Build.0 = Debug|Any CPU
		{7046DFF3-1425-4EC5-BEE2-904143865D34}.AppStore|x64.Deploy.0 = Debug|Any CPU
		{7046DFF3-1425-4EC5-BEE2-904143865D34}.AppStore|x86.ActiveCfg = Debug|Any CPU
		{7046DFF3-1425-4EC5-BEE2-904143865D34}.AppStore|x86.Build.0 = Debug|Any CPU
		{7046DFF3-1425-4EC5-BEE2-904143865D34}.AppStore|x86.Deploy.0 = Debug|Any CPU
		{7046DFF3-1425-4EC5-BEE2-904143865D34}.Debug|Any CPU.ActiveCfg = Debug|Any CPU
		{7046DFF3-1425-4EC5-BEE2-904143865D34}.Debug|Any CPU.Build.0 = Debug|Any CPU
		{7046DFF3-1425-4EC5-BEE2-904143865D34}.Debug|Any CPU.Deploy.0 = Debug|Any CPU
		{7046DFF3-1425-4EC5-BEE2-904143865D34}.Debug|ARM.ActiveCfg = Debug|Any CPU
		{7046DFF3-1425-4EC5-BEE2-904143865D34}.Debug|ARM.Build.0 = Debug|Any CPU
		{7046DFF3-1425-4EC5-BEE2-904143865D34}.Debug|ARM.Deploy.0 = Debug|Any CPU
		{7046DFF3-1425-4EC5-BEE2-904143865D34}.Debug|ARM64.ActiveCfg = Debug|Any CPU
		{7046DFF3-1425-4EC5-BEE2-904143865D34}.Debug|ARM64.Build.0 = Debug|Any CPU
		{7046DFF3-1425-4EC5-BEE2-904143865D34}.Debug|ARM64.Deploy.0 = Debug|Any CPU
		{7046DFF3-1425-4EC5-BEE2-904143865D34}.Debug|iPhone.ActiveCfg = Debug|Any CPU
		{7046DFF3-1425-4EC5-BEE2-904143865D34}.Debug|iPhone.Build.0 = Debug|Any CPU
		{7046DFF3-1425-4EC5-BEE2-904143865D34}.Debug|iPhone.Deploy.0 = Debug|Any CPU
		{7046DFF3-1425-4EC5-BEE2-904143865D34}.Debug|iPhoneSimulator.ActiveCfg = Debug|Any CPU
		{7046DFF3-1425-4EC5-BEE2-904143865D34}.Debug|iPhoneSimulator.Build.0 = Debug|Any CPU
		{7046DFF3-1425-4EC5-BEE2-904143865D34}.Debug|iPhoneSimulator.Deploy.0 = Debug|Any CPU
		{7046DFF3-1425-4EC5-BEE2-904143865D34}.Debug|x64.ActiveCfg = Debug|Any CPU
		{7046DFF3-1425-4EC5-BEE2-904143865D34}.Debug|x64.Build.0 = Debug|Any CPU
		{7046DFF3-1425-4EC5-BEE2-904143865D34}.Debug|x64.Deploy.0 = Debug|Any CPU
		{7046DFF3-1425-4EC5-BEE2-904143865D34}.Debug|x86.ActiveCfg = Debug|Any CPU
		{7046DFF3-1425-4EC5-BEE2-904143865D34}.Debug|x86.Build.0 = Debug|Any CPU
		{7046DFF3-1425-4EC5-BEE2-904143865D34}.Debug|x86.Deploy.0 = Debug|Any CPU
		{7046DFF3-1425-4EC5-BEE2-904143865D34}.Release|Any CPU.ActiveCfg = Release|Any CPU
		{7046DFF3-1425-4EC5-BEE2-904143865D34}.Release|Any CPU.Build.0 = Release|Any CPU
		{7046DFF3-1425-4EC5-BEE2-904143865D34}.Release|Any CPU.Deploy.0 = Release|Any CPU
		{7046DFF3-1425-4EC5-BEE2-904143865D34}.Release|ARM.ActiveCfg = Release|Any CPU
		{7046DFF3-1425-4EC5-BEE2-904143865D34}.Release|ARM.Build.0 = Release|Any CPU
		{7046DFF3-1425-4EC5-BEE2-904143865D34}.Release|ARM.Deploy.0 = Release|Any CPU
		{7046DFF3-1425-4EC5-BEE2-904143865D34}.Release|ARM64.ActiveCfg = Release|Any CPU
		{7046DFF3-1425-4EC5-BEE2-904143865D34}.Release|ARM64.Build.0 = Release|Any CPU
		{7046DFF3-1425-4EC5-BEE2-904143865D34}.Release|ARM64.Deploy.0 = Release|Any CPU
		{7046DFF3-1425-4EC5-BEE2-904143865D34}.Release|iPhone.ActiveCfg = Release|Any CPU
		{7046DFF3-1425-4EC5-BEE2-904143865D34}.Release|iPhone.Build.0 = Release|Any CPU
		{7046DFF3-1425-4EC5-BEE2-904143865D34}.Release|iPhone.Deploy.0 = Release|Any CPU
		{7046DFF3-1425-4EC5-BEE2-904143865D34}.Release|iPhoneSimulator.ActiveCfg = Release|Any CPU
		{7046DFF3-1425-4EC5-BEE2-904143865D34}.Release|iPhoneSimulator.Build.0 = Release|Any CPU
		{7046DFF3-1425-4EC5-BEE2-904143865D34}.Release|iPhoneSimulator.Deploy.0 = Release|Any CPU
		{7046DFF3-1425-4EC5-BEE2-904143865D34}.Release|x64.ActiveCfg = Release|Any CPU
		{7046DFF3-1425-4EC5-BEE2-904143865D34}.Release|x64.Build.0 = Release|Any CPU
		{7046DFF3-1425-4EC5-BEE2-904143865D34}.Release|x64.Deploy.0 = Release|Any CPU
		{7046DFF3-1425-4EC5-BEE2-904143865D34}.Release|x86.ActiveCfg = Release|Any CPU
		{7046DFF3-1425-4EC5-BEE2-904143865D34}.Release|x86.Build.0 = Release|Any CPU
		{7046DFF3-1425-4EC5-BEE2-904143865D34}.Release|x86.Deploy.0 = Release|Any CPU
		{1CCA4FD5-B0F9-4121-8490-A898C64D9254}.Ad-Hoc|Any CPU.ActiveCfg = Ad-Hoc|iPhoneSimulator
		{1CCA4FD5-B0F9-4121-8490-A898C64D9254}.Ad-Hoc|ARM.ActiveCfg = Ad-Hoc|iPhoneSimulator
		{1CCA4FD5-B0F9-4121-8490-A898C64D9254}.Ad-Hoc|ARM64.ActiveCfg = Ad-Hoc|iPhone
		{1CCA4FD5-B0F9-4121-8490-A898C64D9254}.Ad-Hoc|iPhone.ActiveCfg = Ad-Hoc|iPhone
		{1CCA4FD5-B0F9-4121-8490-A898C64D9254}.Ad-Hoc|iPhone.Build.0 = Ad-Hoc|iPhone
		{1CCA4FD5-B0F9-4121-8490-A898C64D9254}.Ad-Hoc|iPhoneSimulator.ActiveCfg = Ad-Hoc|iPhoneSimulator
		{1CCA4FD5-B0F9-4121-8490-A898C64D9254}.Ad-Hoc|iPhoneSimulator.Build.0 = Ad-Hoc|iPhoneSimulator
		{1CCA4FD5-B0F9-4121-8490-A898C64D9254}.Ad-Hoc|x64.ActiveCfg = Ad-Hoc|iPhoneSimulator
		{1CCA4FD5-B0F9-4121-8490-A898C64D9254}.Ad-Hoc|x86.ActiveCfg = Ad-Hoc|iPhoneSimulator
		{1CCA4FD5-B0F9-4121-8490-A898C64D9254}.AppStore|Any CPU.ActiveCfg = AppStore|iPhoneSimulator
		{1CCA4FD5-B0F9-4121-8490-A898C64D9254}.AppStore|ARM.ActiveCfg = AppStore|iPhoneSimulator
		{1CCA4FD5-B0F9-4121-8490-A898C64D9254}.AppStore|ARM64.ActiveCfg = AppStore|iPhone
		{1CCA4FD5-B0F9-4121-8490-A898C64D9254}.AppStore|iPhone.ActiveCfg = AppStore|iPhone
		{1CCA4FD5-B0F9-4121-8490-A898C64D9254}.AppStore|iPhone.Build.0 = AppStore|iPhone
		{1CCA4FD5-B0F9-4121-8490-A898C64D9254}.AppStore|iPhoneSimulator.ActiveCfg = AppStore|iPhoneSimulator
		{1CCA4FD5-B0F9-4121-8490-A898C64D9254}.AppStore|iPhoneSimulator.Build.0 = AppStore|iPhoneSimulator
		{1CCA4FD5-B0F9-4121-8490-A898C64D9254}.AppStore|x64.ActiveCfg = AppStore|iPhoneSimulator
		{1CCA4FD5-B0F9-4121-8490-A898C64D9254}.AppStore|x86.ActiveCfg = AppStore|iPhoneSimulator
		{1CCA4FD5-B0F9-4121-8490-A898C64D9254}.Debug|Any CPU.ActiveCfg = Debug|iPhoneSimulator
		{1CCA4FD5-B0F9-4121-8490-A898C64D9254}.Debug|ARM.ActiveCfg = Debug|iPhoneSimulator
		{1CCA4FD5-B0F9-4121-8490-A898C64D9254}.Debug|ARM64.ActiveCfg = Debug|iPhone
		{1CCA4FD5-B0F9-4121-8490-A898C64D9254}.Debug|iPhone.ActiveCfg = Debug|iPhone
		{1CCA4FD5-B0F9-4121-8490-A898C64D9254}.Debug|iPhone.Build.0 = Debug|iPhone
		{1CCA4FD5-B0F9-4121-8490-A898C64D9254}.Debug|iPhoneSimulator.ActiveCfg = Debug|iPhoneSimulator
		{1CCA4FD5-B0F9-4121-8490-A898C64D9254}.Debug|iPhoneSimulator.Build.0 = Debug|iPhoneSimulator
		{1CCA4FD5-B0F9-4121-8490-A898C64D9254}.Debug|x64.ActiveCfg = Debug|iPhoneSimulator
		{1CCA4FD5-B0F9-4121-8490-A898C64D9254}.Debug|x86.ActiveCfg = Debug|iPhoneSimulator
		{1CCA4FD5-B0F9-4121-8490-A898C64D9254}.Release|Any CPU.ActiveCfg = Release|iPhoneSimulator
		{1CCA4FD5-B0F9-4121-8490-A898C64D9254}.Release|ARM.ActiveCfg = Release|iPhoneSimulator
		{1CCA4FD5-B0F9-4121-8490-A898C64D9254}.Release|ARM64.ActiveCfg = Release|iPhone
		{1CCA4FD5-B0F9-4121-8490-A898C64D9254}.Release|iPhone.ActiveCfg = Release|iPhone
		{1CCA4FD5-B0F9-4121-8490-A898C64D9254}.Release|iPhone.Build.0 = Release|iPhone
		{1CCA4FD5-B0F9-4121-8490-A898C64D9254}.Release|iPhoneSimulator.ActiveCfg = Release|iPhoneSimulator
		{1CCA4FD5-B0F9-4121-8490-A898C64D9254}.Release|iPhoneSimulator.Build.0 = Release|iPhoneSimulator
		{1CCA4FD5-B0F9-4121-8490-A898C64D9254}.Release|x64.ActiveCfg = Release|iPhoneSimulator
		{1CCA4FD5-B0F9-4121-8490-A898C64D9254}.Release|x86.ActiveCfg = Release|iPhoneSimulator
		{3BD5661E-0460-4AE6-9236-9AE0C95B4206}.Ad-Hoc|Any CPU.ActiveCfg = Debug|ARM
		{3BD5661E-0460-4AE6-9236-9AE0C95B4206}.Ad-Hoc|Any CPU.Build.0 = Debug|ARM
		{3BD5661E-0460-4AE6-9236-9AE0C95B4206}.Ad-Hoc|Any CPU.Deploy.0 = Debug|ARM
		{3BD5661E-0460-4AE6-9236-9AE0C95B4206}.Ad-Hoc|ARM.ActiveCfg = Debug|ARM
		{3BD5661E-0460-4AE6-9236-9AE0C95B4206}.Ad-Hoc|ARM.Build.0 = Debug|ARM
		{3BD5661E-0460-4AE6-9236-9AE0C95B4206}.Ad-Hoc|ARM.Deploy.0 = Debug|ARM
		{3BD5661E-0460-4AE6-9236-9AE0C95B4206}.Ad-Hoc|ARM64.ActiveCfg = Debug|ARM
		{3BD5661E-0460-4AE6-9236-9AE0C95B4206}.Ad-Hoc|ARM64.Build.0 = Debug|ARM
		{3BD5661E-0460-4AE6-9236-9AE0C95B4206}.Ad-Hoc|ARM64.Deploy.0 = Debug|ARM
		{3BD5661E-0460-4AE6-9236-9AE0C95B4206}.Ad-Hoc|iPhone.ActiveCfg = Debug|ARM
		{3BD5661E-0460-4AE6-9236-9AE0C95B4206}.Ad-Hoc|iPhone.Build.0 = Debug|ARM
		{3BD5661E-0460-4AE6-9236-9AE0C95B4206}.Ad-Hoc|iPhone.Deploy.0 = Debug|ARM
		{3BD5661E-0460-4AE6-9236-9AE0C95B4206}.Ad-Hoc|iPhoneSimulator.ActiveCfg = Debug|ARM
		{3BD5661E-0460-4AE6-9236-9AE0C95B4206}.Ad-Hoc|iPhoneSimulator.Build.0 = Debug|ARM
		{3BD5661E-0460-4AE6-9236-9AE0C95B4206}.Ad-Hoc|iPhoneSimulator.Deploy.0 = Debug|ARM
		{3BD5661E-0460-4AE6-9236-9AE0C95B4206}.Ad-Hoc|x64.ActiveCfg = Debug|x64
		{3BD5661E-0460-4AE6-9236-9AE0C95B4206}.Ad-Hoc|x64.Build.0 = Debug|x64
		{3BD5661E-0460-4AE6-9236-9AE0C95B4206}.Ad-Hoc|x64.Deploy.0 = Debug|x64
		{3BD5661E-0460-4AE6-9236-9AE0C95B4206}.Ad-Hoc|x86.ActiveCfg = Debug|x86
		{3BD5661E-0460-4AE6-9236-9AE0C95B4206}.Ad-Hoc|x86.Build.0 = Debug|x86
		{3BD5661E-0460-4AE6-9236-9AE0C95B4206}.Ad-Hoc|x86.Deploy.0 = Debug|x86
		{3BD5661E-0460-4AE6-9236-9AE0C95B4206}.AppStore|Any CPU.ActiveCfg = Debug|ARM
		{3BD5661E-0460-4AE6-9236-9AE0C95B4206}.AppStore|Any CPU.Build.0 = Debug|ARM
		{3BD5661E-0460-4AE6-9236-9AE0C95B4206}.AppStore|Any CPU.Deploy.0 = Debug|ARM
		{3BD5661E-0460-4AE6-9236-9AE0C95B4206}.AppStore|ARM.ActiveCfg = Debug|ARM
		{3BD5661E-0460-4AE6-9236-9AE0C95B4206}.AppStore|ARM.Build.0 = Debug|ARM
		{3BD5661E-0460-4AE6-9236-9AE0C95B4206}.AppStore|ARM.Deploy.0 = Debug|ARM
		{3BD5661E-0460-4AE6-9236-9AE0C95B4206}.AppStore|ARM64.ActiveCfg = Debug|ARM
		{3BD5661E-0460-4AE6-9236-9AE0C95B4206}.AppStore|ARM64.Build.0 = Debug|ARM
		{3BD5661E-0460-4AE6-9236-9AE0C95B4206}.AppStore|ARM64.Deploy.0 = Debug|ARM
		{3BD5661E-0460-4AE6-9236-9AE0C95B4206}.AppStore|iPhone.ActiveCfg = Debug|ARM
		{3BD5661E-0460-4AE6-9236-9AE0C95B4206}.AppStore|iPhone.Build.0 = Debug|ARM
		{3BD5661E-0460-4AE6-9236-9AE0C95B4206}.AppStore|iPhone.Deploy.0 = Debug|ARM
		{3BD5661E-0460-4AE6-9236-9AE0C95B4206}.AppStore|iPhoneSimulator.ActiveCfg = Debug|ARM
		{3BD5661E-0460-4AE6-9236-9AE0C95B4206}.AppStore|iPhoneSimulator.Build.0 = Debug|ARM
		{3BD5661E-0460-4AE6-9236-9AE0C95B4206}.AppStore|iPhoneSimulator.Deploy.0 = Debug|ARM
		{3BD5661E-0460-4AE6-9236-9AE0C95B4206}.AppStore|x64.ActiveCfg = Debug|x64
		{3BD5661E-0460-4AE6-9236-9AE0C95B4206}.AppStore|x64.Build.0 = Debug|x64
		{3BD5661E-0460-4AE6-9236-9AE0C95B4206}.AppStore|x64.Deploy.0 = Debug|x64
		{3BD5661E-0460-4AE6-9236-9AE0C95B4206}.AppStore|x86.ActiveCfg = Debug|x86
		{3BD5661E-0460-4AE6-9236-9AE0C95B4206}.AppStore|x86.Build.0 = Debug|x86
		{3BD5661E-0460-4AE6-9236-9AE0C95B4206}.AppStore|x86.Deploy.0 = Debug|x86
		{3BD5661E-0460-4AE6-9236-9AE0C95B4206}.Debug|Any CPU.ActiveCfg = Debug|x86
		{3BD5661E-0460-4AE6-9236-9AE0C95B4206}.Debug|Any CPU.Build.0 = Debug|x86
		{3BD5661E-0460-4AE6-9236-9AE0C95B4206}.Debug|Any CPU.Deploy.0 = Debug|x86
		{3BD5661E-0460-4AE6-9236-9AE0C95B4206}.Debug|ARM.ActiveCfg = Debug|ARM
		{3BD5661E-0460-4AE6-9236-9AE0C95B4206}.Debug|ARM.Build.0 = Debug|ARM
		{3BD5661E-0460-4AE6-9236-9AE0C95B4206}.Debug|ARM.Deploy.0 = Debug|ARM
		{3BD5661E-0460-4AE6-9236-9AE0C95B4206}.Debug|ARM64.ActiveCfg = Debug|x86
		{3BD5661E-0460-4AE6-9236-9AE0C95B4206}.Debug|iPhone.ActiveCfg = Debug|x86
		{3BD5661E-0460-4AE6-9236-9AE0C95B4206}.Debug|iPhoneSimulator.ActiveCfg = Debug|x86
		{3BD5661E-0460-4AE6-9236-9AE0C95B4206}.Debug|x64.ActiveCfg = Debug|x64
		{3BD5661E-0460-4AE6-9236-9AE0C95B4206}.Debug|x64.Build.0 = Debug|x64
		{3BD5661E-0460-4AE6-9236-9AE0C95B4206}.Debug|x64.Deploy.0 = Debug|x64
		{3BD5661E-0460-4AE6-9236-9AE0C95B4206}.Debug|x86.ActiveCfg = Debug|x86
		{3BD5661E-0460-4AE6-9236-9AE0C95B4206}.Debug|x86.Build.0 = Debug|x86
		{3BD5661E-0460-4AE6-9236-9AE0C95B4206}.Debug|x86.Deploy.0 = Debug|x86
		{3BD5661E-0460-4AE6-9236-9AE0C95B4206}.Release|Any CPU.ActiveCfg = Release|x86
		{3BD5661E-0460-4AE6-9236-9AE0C95B4206}.Release|ARM.ActiveCfg = Release|ARM
		{3BD5661E-0460-4AE6-9236-9AE0C95B4206}.Release|ARM.Build.0 = Release|ARM
		{3BD5661E-0460-4AE6-9236-9AE0C95B4206}.Release|ARM.Deploy.0 = Release|ARM
		{3BD5661E-0460-4AE6-9236-9AE0C95B4206}.Release|ARM64.ActiveCfg = Release|x86
		{3BD5661E-0460-4AE6-9236-9AE0C95B4206}.Release|iPhone.ActiveCfg = Release|x86
		{3BD5661E-0460-4AE6-9236-9AE0C95B4206}.Release|iPhoneSimulator.ActiveCfg = Release|x86
		{3BD5661E-0460-4AE6-9236-9AE0C95B4206}.Release|x64.ActiveCfg = Release|x64
		{3BD5661E-0460-4AE6-9236-9AE0C95B4206}.Release|x64.Build.0 = Release|x64
		{3BD5661E-0460-4AE6-9236-9AE0C95B4206}.Release|x64.Deploy.0 = Release|x64
		{3BD5661E-0460-4AE6-9236-9AE0C95B4206}.Release|x86.ActiveCfg = Release|x86
		{3BD5661E-0460-4AE6-9236-9AE0C95B4206}.Release|x86.Build.0 = Release|x86
		{3BD5661E-0460-4AE6-9236-9AE0C95B4206}.Release|x86.Deploy.0 = Release|x86
	EndGlobalSection
	GlobalSection(SolutionProperties) = preSolution
		HideSolutionNode = FALSE
	EndGlobalSection
	GlobalSection(NestedProjects) = preSolution
		{7F76DC14-B446-4B2B-B43A-B490BC075AF7} = {5E6145F8-7920-4501-9B54-58CE5F97D277}
		{3895F1D0-603A-4F1E-9D06-57C9F2598D19} = {E866DCB6-E00F-4276-B9CD-45FA3AC6CAFB}
		{46F68167-689A-4E9D-AB7C-6EAE8B5CA0D2} = {E866DCB6-E00F-4276-B9CD-45FA3AC6CAFB}
		{5F28CADE-009D-4D33-BBCE-BEED0E7839E0} = {E866DCB6-E00F-4276-B9CD-45FA3AC6CAFB}
		{444074A5-4014-4AF4-92FF-9801C8DFF7FC} = {E866DCB6-E00F-4276-B9CD-45FA3AC6CAFB}
		{70392AD2-C03C-4221-88D4-BED1AFA6EB3A} = {926C6D10-0146-46E2-ABE6-3C778541D72C}
		{7046DFF3-1425-4EC5-BEE2-904143865D34} = {926C6D10-0146-46E2-ABE6-3C778541D72C}
		{1CCA4FD5-B0F9-4121-8490-A898C64D9254} = {926C6D10-0146-46E2-ABE6-3C778541D72C}
		{3BD5661E-0460-4AE6-9236-9AE0C95B4206} = {926C6D10-0146-46E2-ABE6-3C778541D72C}
	EndGlobalSection
	GlobalSection(ExtensibilityGlobals) = postSolution
		SolutionGuid = {02B4555C-B87F-4CD9-88EF-324F6F5CC39E}
	EndGlobalSection
EndGlobal
